// !$*UTF8*$!
{
	archiveVersion = 1;
	classes = {
	};
	objectVersion = 46;
	objects = {

/* Begin PBXBuildFile section */
		OBJ_101 /* AFError.swift in Sources */ = {isa = PBXBuildFile; fileRef = OBJ_56 /* AFError.swift */; };
		OBJ_102 /* Alamofire.swift in Sources */ = {isa = PBXBuildFile; fileRef = OBJ_57 /* Alamofire.swift */; };
		OBJ_103 /* DispatchQueue+Alamofire.swift in Sources */ = {isa = PBXBuildFile; fileRef = OBJ_58 /* DispatchQueue+Alamofire.swift */; };
		OBJ_104 /* MultipartFormData.swift in Sources */ = {isa = PBXBuildFile; fileRef = OBJ_59 /* MultipartFormData.swift */; };
		OBJ_105 /* NetworkReachabilityManager.swift in Sources */ = {isa = PBXBuildFile; fileRef = OBJ_60 /* NetworkReachabilityManager.swift */; };
		OBJ_106 /* Notifications.swift in Sources */ = {isa = PBXBuildFile; fileRef = OBJ_61 /* Notifications.swift */; };
		OBJ_107 /* ParameterEncoding.swift in Sources */ = {isa = PBXBuildFile; fileRef = OBJ_62 /* ParameterEncoding.swift */; };
		OBJ_108 /* Request.swift in Sources */ = {isa = PBXBuildFile; fileRef = OBJ_63 /* Request.swift */; };
		OBJ_109 /* Response.swift in Sources */ = {isa = PBXBuildFile; fileRef = OBJ_64 /* Response.swift */; };
		OBJ_110 /* ResponseSerialization.swift in Sources */ = {isa = PBXBuildFile; fileRef = OBJ_65 /* ResponseSerialization.swift */; };
		OBJ_111 /* Result.swift in Sources */ = {isa = PBXBuildFile; fileRef = OBJ_66 /* Result.swift */; };
		OBJ_112 /* ServerTrustPolicy.swift in Sources */ = {isa = PBXBuildFile; fileRef = OBJ_67 /* ServerTrustPolicy.swift */; };
		OBJ_113 /* SessionDelegate.swift in Sources */ = {isa = PBXBuildFile; fileRef = OBJ_68 /* SessionDelegate.swift */; };
		OBJ_114 /* SessionManager.swift in Sources */ = {isa = PBXBuildFile; fileRef = OBJ_69 /* SessionManager.swift */; };
		OBJ_115 /* TaskDelegate.swift in Sources */ = {isa = PBXBuildFile; fileRef = OBJ_70 /* TaskDelegate.swift */; };
		OBJ_116 /* Timeline.swift in Sources */ = {isa = PBXBuildFile; fileRef = OBJ_71 /* Timeline.swift */; };
		OBJ_117 /* Validation.swift in Sources */ = {isa = PBXBuildFile; fileRef = OBJ_72 /* Validation.swift */; };
		OBJ_124 /* Package.swift in Sources */ = {isa = PBXBuildFile; fileRef = OBJ_55 /* Package.swift */; };
		OBJ_130 /* Alamofire+Promise.swift in Sources */ = {isa = PBXBuildFile; fileRef = OBJ_36 /* Alamofire+Promise.swift */; };
		OBJ_132 /* Alamofire.framework in Frameworks */ = {isa = PBXBuildFile; fileRef = "Alamofire::Alamofire::Product" /* Alamofire.framework */; };
		OBJ_133 /* PromiseKit.framework in Frameworks */ = {isa = PBXBuildFile; fileRef = "PromiseKit::PromiseKit::Product" /* PromiseKit.framework */; };
		OBJ_142 /* Package.swift in Sources */ = {isa = PBXBuildFile; fileRef = OBJ_35 /* Package.swift */; };
		OBJ_147 /* Box.swift in Sources */ = {isa = PBXBuildFile; fileRef = OBJ_39 /* Box.swift */; };
		OBJ_148 /* Catchable.swift in Sources */ = {isa = PBXBuildFile; fileRef = OBJ_40 /* Catchable.swift */; };
		OBJ_149 /* Configuration.swift in Sources */ = {isa = PBXBuildFile; fileRef = OBJ_41 /* Configuration.swift */; };
		OBJ_150 /* CustomStringConvertible.swift in Sources */ = {isa = PBXBuildFile; fileRef = OBJ_42 /* CustomStringConvertible.swift */; };
		OBJ_151 /* Error.swift in Sources */ = {isa = PBXBuildFile; fileRef = OBJ_43 /* Error.swift */; };
		OBJ_152 /* Guarantee.swift in Sources */ = {isa = PBXBuildFile; fileRef = OBJ_44 /* Guarantee.swift */; };
		OBJ_153 /* LogEvent.swift in Sources */ = {isa = PBXBuildFile; fileRef = OBJ_45 /* LogEvent.swift */; };
		OBJ_154 /* Promise.swift in Sources */ = {isa = PBXBuildFile; fileRef = OBJ_46 /* Promise.swift */; };
		OBJ_155 /* Resolver.swift in Sources */ = {isa = PBXBuildFile; fileRef = OBJ_47 /* Resolver.swift */; };
		OBJ_156 /* Thenable.swift in Sources */ = {isa = PBXBuildFile; fileRef = OBJ_48 /* Thenable.swift */; };
		OBJ_157 /* after.swift in Sources */ = {isa = PBXBuildFile; fileRef = OBJ_49 /* after.swift */; };
		OBJ_158 /* firstly.swift in Sources */ = {isa = PBXBuildFile; fileRef = OBJ_50 /* firstly.swift */; };
		OBJ_159 /* hang.swift in Sources */ = {isa = PBXBuildFile; fileRef = OBJ_51 /* hang.swift */; };
		OBJ_160 /* race.swift in Sources */ = {isa = PBXBuildFile; fileRef = OBJ_52 /* race.swift */; };
		OBJ_161 /* when.swift in Sources */ = {isa = PBXBuildFile; fileRef = OBJ_53 /* when.swift */; };
		OBJ_168 /* Package.swift in Sources */ = {isa = PBXBuildFile; fileRef = OBJ_38 /* Package.swift */; };
		OBJ_174 /* APIClient+Router.swift in Sources */ = {isa = PBXBuildFile; fileRef = OBJ_10 /* APIClient+Router.swift */; };
		OBJ_175 /* APIClient+fetch.swift in Sources */ = {isa = PBXBuildFile; fileRef = OBJ_11 /* APIClient+fetch.swift */; };
		OBJ_176 /* APIClient+track.swift in Sources */ = {isa = PBXBuildFile; fileRef = OBJ_12 /* APIClient+track.swift */; };
		OBJ_177 /* APIClient.swift in Sources */ = {isa = PBXBuildFile; fileRef = OBJ_13 /* APIClient.swift */; };
		OBJ_178 /* String+URL.swift in Sources */ = {isa = PBXBuildFile; fileRef = OBJ_15 /* String+URL.swift */; };
		OBJ_179 /* Activity.swift in Sources */ = {isa = PBXBuildFile; fileRef = OBJ_17 /* Activity.swift */; };
		OBJ_180 /* ActivityList.swift in Sources */ = {isa = PBXBuildFile; fileRef = OBJ_18 /* ActivityList.swift */; };
		OBJ_181 /* ActivityType.swift in Sources */ = {isa = PBXBuildFile; fileRef = OBJ_19 /* ActivityType.swift */; };
		OBJ_182 /* App.swift in Sources */ = {isa = PBXBuildFile; fileRef = OBJ_20 /* App.swift */; };
		OBJ_183 /* Comment.swift in Sources */ = {isa = PBXBuildFile; fileRef = OBJ_21 /* Comment.swift */; };
		OBJ_184 /* Playlist.swift in Sources */ = {isa = PBXBuildFile; fileRef = OBJ_22 /* Playlist.swift */; };
		OBJ_185 /* Track.swift in Sources */ = {isa = PBXBuildFile; fileRef = OBJ_23 /* Track.swift */; };
		OBJ_186 /* User.swift in Sources */ = {isa = PBXBuildFile; fileRef = OBJ_24 /* User.swift */; };
		OBJ_187 /* PlayerVC.swift in Sources */ = {isa = PBXBuildFile; fileRef = OBJ_26 /* PlayerVC.swift */; };
		OBJ_189 /* ASWaveformPlayerView.framework in Frameworks */ = {isa = PBXBuildFile; fileRef = "ASWaveformPlayerView::ASWaveformPlayerView::Product" /* ASWaveformPlayerView.framework */; };
		OBJ_190 /* PMKAlamofire.framework in Frameworks */ = {isa = PBXBuildFile; fileRef = "PMKAlamofire::PMKAlamofire::Product" /* PMKAlamofire.framework */; };
		OBJ_191 /* Alamofire.framework in Frameworks */ = {isa = PBXBuildFile; fileRef = "Alamofire::Alamofire::Product" /* Alamofire.framework */; };
		OBJ_192 /* PromiseKit.framework in Frameworks */ = {isa = PBXBuildFile; fileRef = "PromiseKit::PromiseKit::Product" /* PromiseKit.framework */; };
		OBJ_202 /* Package.swift in Sources */ = {isa = PBXBuildFile; fileRef = OBJ_6 /* Package.swift */; };
		OBJ_87 /* ASWaveformPlayerView.swift in Sources */ = {isa = PBXBuildFile; fileRef = OBJ_31 /* ASWaveformPlayerView.swift */; };
		OBJ_88 /* AudioAnalyser.swift in Sources */ = {isa = PBXBuildFile; fileRef = OBJ_32 /* AudioAnalyser.swift */; };
		OBJ_95 /* Package.swift in Sources */ = {isa = PBXBuildFile; fileRef = OBJ_33 /* Package.swift */; };
/* End PBXBuildFile section */

/* Begin PBXContainerItemProxy section */
		0CA0D387231D817B009DA968 /* PBXContainerItemProxy */ = {
			isa = PBXContainerItemProxy;
			containerPortal = OBJ_1 /* Project object */;
			proxyType = 1;
			remoteGlobalIDString = "ASWaveformPlayerView::ASWaveformPlayerView";
			remoteInfo = ASWaveformPlayerView;
		};
		0CA0D388231D817B009DA968 /* PBXContainerItemProxy */ = {
			isa = PBXContainerItemProxy;
			containerPortal = OBJ_1 /* Project object */;
			proxyType = 1;
			remoteGlobalIDString = "PMKAlamofire::PMKAlamofire";
			remoteInfo = PMKAlamofire;
		};
		0CA0D389231D817B009DA968 /* PBXContainerItemProxy */ = {
			isa = PBXContainerItemProxy;
			containerPortal = OBJ_1 /* Project object */;
			proxyType = 1;
			remoteGlobalIDString = "Alamofire::Alamofire";
			remoteInfo = Alamofire;
		};
		0CA0D38A231D817B009DA968 /* PBXContainerItemProxy */ = {
			isa = PBXContainerItemProxy;
			containerPortal = OBJ_1 /* Project object */;
			proxyType = 1;
			remoteGlobalIDString = "PromiseKit::PromiseKit";
			remoteInfo = PromiseKit;
		};
		0CA0D38B231D817B009DA968 /* PBXContainerItemProxy */ = {
			isa = PBXContainerItemProxy;
			containerPortal = OBJ_1 /* Project object */;
			proxyType = 1;
			remoteGlobalIDString = "Alamofire::Alamofire";
			remoteInfo = Alamofire;
		};
		0CA0D38C231D817B009DA968 /* PBXContainerItemProxy */ = {
			isa = PBXContainerItemProxy;
			containerPortal = OBJ_1 /* Project object */;
			proxyType = 1;
			remoteGlobalIDString = "PromiseKit::PromiseKit";
			remoteInfo = PromiseKit;
		};
/* End PBXContainerItemProxy section */

/* Begin PBXFileReference section */
		"ASWaveformPlayerView::ASWaveformPlayerView::Product" /* ASWaveformPlayerView.framework */ = {isa = PBXFileReference; explicitFileType = wrapper.framework; path = ASWaveformPlayerView.framework; sourceTree = BUILT_PRODUCTS_DIR; };
		"Alamofire::Alamofire::Product" /* Alamofire.framework */ = {isa = PBXFileReference; explicitFileType = wrapper.framework; path = Alamofire.framework; sourceTree = BUILT_PRODUCTS_DIR; };
		OBJ_10 /* APIClient+Router.swift */ = {isa = PBXFileReference; lastKnownFileType = sourcecode.swift; path = "APIClient+Router.swift"; sourceTree = "<group>"; };
		OBJ_11 /* APIClient+fetch.swift */ = {isa = PBXFileReference; lastKnownFileType = sourcecode.swift; path = "APIClient+fetch.swift"; sourceTree = "<group>"; };
		OBJ_12 /* APIClient+track.swift */ = {isa = PBXFileReference; lastKnownFileType = sourcecode.swift; path = "APIClient+track.swift"; sourceTree = "<group>"; };
		OBJ_13 /* APIClient.swift */ = {isa = PBXFileReference; lastKnownFileType = sourcecode.swift; path = APIClient.swift; sourceTree = "<group>"; };
		OBJ_15 /* String+URL.swift */ = {isa = PBXFileReference; lastKnownFileType = sourcecode.swift; path = "String+URL.swift"; sourceTree = "<group>"; };
		OBJ_17 /* Activity.swift */ = {isa = PBXFileReference; lastKnownFileType = sourcecode.swift; path = Activity.swift; sourceTree = "<group>"; };
		OBJ_18 /* ActivityList.swift */ = {isa = PBXFileReference; lastKnownFileType = sourcecode.swift; path = ActivityList.swift; sourceTree = "<group>"; };
		OBJ_19 /* ActivityType.swift */ = {isa = PBXFileReference; lastKnownFileType = sourcecode.swift; path = ActivityType.swift; sourceTree = "<group>"; };
		OBJ_20 /* App.swift */ = {isa = PBXFileReference; lastKnownFileType = sourcecode.swift; path = App.swift; sourceTree = "<group>"; };
		OBJ_21 /* Comment.swift */ = {isa = PBXFileReference; lastKnownFileType = sourcecode.swift; path = Comment.swift; sourceTree = "<group>"; };
		OBJ_22 /* Playlist.swift */ = {isa = PBXFileReference; lastKnownFileType = sourcecode.swift; path = Playlist.swift; sourceTree = "<group>"; };
		OBJ_23 /* Track.swift */ = {isa = PBXFileReference; lastKnownFileType = sourcecode.swift; path = Track.swift; sourceTree = "<group>"; };
		OBJ_24 /* User.swift */ = {isa = PBXFileReference; lastKnownFileType = sourcecode.swift; path = User.swift; sourceTree = "<group>"; };
		OBJ_26 /* PlayerVC.swift */ = {isa = PBXFileReference; lastKnownFileType = sourcecode.swift; path = PlayerVC.swift; sourceTree = "<group>"; };
		OBJ_31 /* ASWaveformPlayerView.swift */ = {isa = PBXFileReference; lastKnownFileType = sourcecode.swift; path = ASWaveformPlayerView.swift; sourceTree = "<group>"; };
		OBJ_32 /* AudioAnalyser.swift */ = {isa = PBXFileReference; lastKnownFileType = sourcecode.swift; path = AudioAnalyser.swift; sourceTree = "<group>"; };
		OBJ_33 /* Package.swift */ = {isa = PBXFileReference; explicitFileType = sourcecode.swift; name = Package.swift; path = /Users/bretsko/Projects/SoundCloudKit/.build/checkouts/ASWaveformPlayerView/Package.swift; sourceTree = "<group>"; };
		OBJ_35 /* Package.swift */ = {isa = PBXFileReference; explicitFileType = sourcecode.swift; name = Package.swift; path = /Users/bretsko/Projects/SoundCloudKit/.build/checkouts/PMKAlamofire/Package.swift; sourceTree = "<group>"; };
		OBJ_36 /* Alamofire+Promise.swift */ = {isa = PBXFileReference; lastKnownFileType = sourcecode.swift; path = "Alamofire+Promise.swift"; sourceTree = "<group>"; };
		OBJ_38 /* Package.swift */ = {isa = PBXFileReference; explicitFileType = sourcecode.swift; name = Package.swift; path = /Users/bretsko/Projects/SoundCloudKit/.build/checkouts/PromiseKit/Package.swift; sourceTree = "<group>"; };
		OBJ_39 /* Box.swift */ = {isa = PBXFileReference; lastKnownFileType = sourcecode.swift; path = Box.swift; sourceTree = "<group>"; };
		OBJ_40 /* Catchable.swift */ = {isa = PBXFileReference; lastKnownFileType = sourcecode.swift; path = Catchable.swift; sourceTree = "<group>"; };
		OBJ_41 /* Configuration.swift */ = {isa = PBXFileReference; lastKnownFileType = sourcecode.swift; path = Configuration.swift; sourceTree = "<group>"; };
		OBJ_42 /* CustomStringConvertible.swift */ = {isa = PBXFileReference; lastKnownFileType = sourcecode.swift; path = CustomStringConvertible.swift; sourceTree = "<group>"; };
		OBJ_43 /* Error.swift */ = {isa = PBXFileReference; lastKnownFileType = sourcecode.swift; path = Error.swift; sourceTree = "<group>"; };
		OBJ_44 /* Guarantee.swift */ = {isa = PBXFileReference; lastKnownFileType = sourcecode.swift; path = Guarantee.swift; sourceTree = "<group>"; };
		OBJ_45 /* LogEvent.swift */ = {isa = PBXFileReference; lastKnownFileType = sourcecode.swift; path = LogEvent.swift; sourceTree = "<group>"; };
		OBJ_46 /* Promise.swift */ = {isa = PBXFileReference; lastKnownFileType = sourcecode.swift; path = Promise.swift; sourceTree = "<group>"; };
		OBJ_47 /* Resolver.swift */ = {isa = PBXFileReference; lastKnownFileType = sourcecode.swift; path = Resolver.swift; sourceTree = "<group>"; };
		OBJ_48 /* Thenable.swift */ = {isa = PBXFileReference; lastKnownFileType = sourcecode.swift; path = Thenable.swift; sourceTree = "<group>"; };
		OBJ_49 /* after.swift */ = {isa = PBXFileReference; lastKnownFileType = sourcecode.swift; path = after.swift; sourceTree = "<group>"; };
		OBJ_50 /* firstly.swift */ = {isa = PBXFileReference; lastKnownFileType = sourcecode.swift; path = firstly.swift; sourceTree = "<group>"; };
		OBJ_51 /* hang.swift */ = {isa = PBXFileReference; lastKnownFileType = sourcecode.swift; path = hang.swift; sourceTree = "<group>"; };
		OBJ_52 /* race.swift */ = {isa = PBXFileReference; lastKnownFileType = sourcecode.swift; path = race.swift; sourceTree = "<group>"; };
		OBJ_53 /* when.swift */ = {isa = PBXFileReference; lastKnownFileType = sourcecode.swift; path = when.swift; sourceTree = "<group>"; };
		OBJ_55 /* Package.swift */ = {isa = PBXFileReference; explicitFileType = sourcecode.swift; name = Package.swift; path = /Users/bretsko/Projects/SoundCloudKit/.build/checkouts/Alamofire/Package.swift; sourceTree = "<group>"; };
		OBJ_56 /* AFError.swift */ = {isa = PBXFileReference; lastKnownFileType = sourcecode.swift; path = AFError.swift; sourceTree = "<group>"; };
		OBJ_57 /* Alamofire.swift */ = {isa = PBXFileReference; lastKnownFileType = sourcecode.swift; path = Alamofire.swift; sourceTree = "<group>"; };
		OBJ_58 /* DispatchQueue+Alamofire.swift */ = {isa = PBXFileReference; lastKnownFileType = sourcecode.swift; path = "DispatchQueue+Alamofire.swift"; sourceTree = "<group>"; };
		OBJ_59 /* MultipartFormData.swift */ = {isa = PBXFileReference; lastKnownFileType = sourcecode.swift; path = MultipartFormData.swift; sourceTree = "<group>"; };
		OBJ_6 /* Package.swift */ = {isa = PBXFileReference; explicitFileType = sourcecode.swift; path = Package.swift; sourceTree = "<group>"; };
		OBJ_60 /* NetworkReachabilityManager.swift */ = {isa = PBXFileReference; lastKnownFileType = sourcecode.swift; path = NetworkReachabilityManager.swift; sourceTree = "<group>"; };
		OBJ_61 /* Notifications.swift */ = {isa = PBXFileReference; lastKnownFileType = sourcecode.swift; path = Notifications.swift; sourceTree = "<group>"; };
		OBJ_62 /* ParameterEncoding.swift */ = {isa = PBXFileReference; lastKnownFileType = sourcecode.swift; path = ParameterEncoding.swift; sourceTree = "<group>"; };
		OBJ_63 /* Request.swift */ = {isa = PBXFileReference; lastKnownFileType = sourcecode.swift; path = Request.swift; sourceTree = "<group>"; };
		OBJ_64 /* Response.swift */ = {isa = PBXFileReference; lastKnownFileType = sourcecode.swift; path = Response.swift; sourceTree = "<group>"; };
		OBJ_65 /* ResponseSerialization.swift */ = {isa = PBXFileReference; lastKnownFileType = sourcecode.swift; path = ResponseSerialization.swift; sourceTree = "<group>"; };
		OBJ_66 /* Result.swift */ = {isa = PBXFileReference; lastKnownFileType = sourcecode.swift; path = Result.swift; sourceTree = "<group>"; };
		OBJ_67 /* ServerTrustPolicy.swift */ = {isa = PBXFileReference; lastKnownFileType = sourcecode.swift; path = ServerTrustPolicy.swift; sourceTree = "<group>"; };
		OBJ_68 /* SessionDelegate.swift */ = {isa = PBXFileReference; lastKnownFileType = sourcecode.swift; path = SessionDelegate.swift; sourceTree = "<group>"; };
		OBJ_69 /* SessionManager.swift */ = {isa = PBXFileReference; lastKnownFileType = sourcecode.swift; path = SessionManager.swift; sourceTree = "<group>"; };
		OBJ_70 /* TaskDelegate.swift */ = {isa = PBXFileReference; lastKnownFileType = sourcecode.swift; path = TaskDelegate.swift; sourceTree = "<group>"; };
		OBJ_71 /* Timeline.swift */ = {isa = PBXFileReference; lastKnownFileType = sourcecode.swift; path = Timeline.swift; sourceTree = "<group>"; };
		OBJ_72 /* Validation.swift */ = {isa = PBXFileReference; lastKnownFileType = sourcecode.swift; path = Validation.swift; sourceTree = "<group>"; };
		OBJ_79 /* Fixture */ = {isa = PBXFileReference; lastKnownFileType = folder; path = Fixture; sourceTree = SOURCE_ROOT; };
		OBJ_80 /* Example */ = {isa = PBXFileReference; lastKnownFileType = text; path = Example; sourceTree = SOURCE_ROOT; };
		OBJ_81 /* README.md */ = {isa = PBXFileReference; lastKnownFileType = net.daringfireball.markdown; path = README.md; sourceTree = "<group>"; };
		"PMKAlamofire::PMKAlamofire::Product" /* PMKAlamofire.framework */ = {isa = PBXFileReference; explicitFileType = wrapper.framework; path = PMKAlamofire.framework; sourceTree = BUILT_PRODUCTS_DIR; };
		"PromiseKit::PromiseKit::Product" /* PromiseKit.framework */ = {isa = PBXFileReference; explicitFileType = wrapper.framework; path = PromiseKit.framework; sourceTree = BUILT_PRODUCTS_DIR; };
		"SoundCloudKit::SoundCloudKit::Product" /* SoundCloudKit.framework */ = {isa = PBXFileReference; explicitFileType = wrapper.framework; path = SoundCloudKit.framework; sourceTree = BUILT_PRODUCTS_DIR; };
/* End PBXFileReference section */

/* Begin PBXFrameworksBuildPhase section */
		OBJ_118 /* Frameworks */ = {
			isa = PBXFrameworksBuildPhase;
			buildActionMask = 0;
			files = (
			);
			runOnlyForDeploymentPostprocessing = 0;
		};
		OBJ_131 /* Frameworks */ = {
			isa = PBXFrameworksBuildPhase;
			buildActionMask = 0;
			files = (
				OBJ_132 /* Alamofire.framework in Frameworks */,
				OBJ_133 /* PromiseKit.framework in Frameworks */,
			);
			runOnlyForDeploymentPostprocessing = 0;
		};
		OBJ_162 /* Frameworks */ = {
			isa = PBXFrameworksBuildPhase;
			buildActionMask = 0;
			files = (
			);
			runOnlyForDeploymentPostprocessing = 0;
		};
		OBJ_188 /* Frameworks */ = {
			isa = PBXFrameworksBuildPhase;
			buildActionMask = 0;
			files = (
				OBJ_189 /* ASWaveformPlayerView.framework in Frameworks */,
				OBJ_190 /* PMKAlamofire.framework in Frameworks */,
				OBJ_191 /* Alamofire.framework in Frameworks */,
				OBJ_192 /* PromiseKit.framework in Frameworks */,
			);
			runOnlyForDeploymentPostprocessing = 0;
		};
		OBJ_89 /* Frameworks */ = {
			isa = PBXFrameworksBuildPhase;
			buildActionMask = 0;
			files = (
			);
			runOnlyForDeploymentPostprocessing = 0;
		};
/* End PBXFrameworksBuildPhase section */

/* Begin PBXGroup section */
		OBJ_14 /* Ext */ = {
			isa = PBXGroup;
			children = (
				OBJ_15 /* String+URL.swift */,
			);
			path = Ext;
			sourceTree = "<group>";
		};
		OBJ_16 /* Models */ = {
			isa = PBXGroup;
			children = (
				OBJ_17 /* Activity.swift */,
				OBJ_18 /* ActivityList.swift */,
				OBJ_19 /* ActivityType.swift */,
				OBJ_20 /* App.swift */,
				OBJ_21 /* Comment.swift */,
				OBJ_22 /* Playlist.swift */,
				OBJ_23 /* Track.swift */,
				OBJ_24 /* User.swift */,
			);
			path = Models;
			sourceTree = "<group>";
		};
		OBJ_25 /* PlayerVC */ = {
			isa = PBXGroup;
			children = (
				OBJ_26 /* PlayerVC.swift */,
			);
			path = PlayerVC;
			sourceTree = "<group>";
		};
		OBJ_27 /* Tests */ = {
			isa = PBXGroup;
			children = (
			);
			name = Tests;
			sourceTree = SOURCE_ROOT;
		};
		OBJ_28 /* Dependencies */ = {
			isa = PBXGroup;
			children = (
				OBJ_29 /* ASWaveformPlayerView 0.1.4 */,
				OBJ_34 /* PMKAlamofire 3.2.4 */,
				OBJ_37 /* PromiseKit 6.11.0 */,
				OBJ_54 /* Alamofire 4.8.2 */,
			);
			name = Dependencies;
			sourceTree = "<group>";
		};
		OBJ_29 /* ASWaveformPlayerView 0.1.4 */ = {
			isa = PBXGroup;
			children = (
				OBJ_30 /* ASWaveformPlayerView */,
				OBJ_33 /* Package.swift */,
			);
			name = "ASWaveformPlayerView 0.1.4";
			sourceTree = SOURCE_ROOT;
		};
		OBJ_30 /* ASWaveformPlayerView */ = {
			isa = PBXGroup;
			children = (
				OBJ_31 /* ASWaveformPlayerView.swift */,
				OBJ_32 /* AudioAnalyser.swift */,
			);
			name = ASWaveformPlayerView;
			path = .build/checkouts/ASWaveformPlayerView/Sources/ASWaveformPlayerView;
			sourceTree = SOURCE_ROOT;
		};
		OBJ_34 /* PMKAlamofire 3.2.4 */ = {
			isa = PBXGroup;
			children = (
				OBJ_35 /* Package.swift */,
				OBJ_36 /* Alamofire+Promise.swift */,
			);
			name = "PMKAlamofire 3.2.4";
			path = .build/checkouts/PMKAlamofire/Sources;
			sourceTree = SOURCE_ROOT;
		};
		OBJ_37 /* PromiseKit 6.11.0 */ = {
			isa = PBXGroup;
			children = (
				OBJ_38 /* Package.swift */,
				OBJ_39 /* Box.swift */,
				OBJ_40 /* Catchable.swift */,
				OBJ_41 /* Configuration.swift */,
				OBJ_42 /* CustomStringConvertible.swift */,
				OBJ_43 /* Error.swift */,
				OBJ_44 /* Guarantee.swift */,
				OBJ_45 /* LogEvent.swift */,
				OBJ_46 /* Promise.swift */,
				OBJ_47 /* Resolver.swift */,
				OBJ_48 /* Thenable.swift */,
				OBJ_49 /* after.swift */,
				OBJ_50 /* firstly.swift */,
				OBJ_51 /* hang.swift */,
				OBJ_52 /* race.swift */,
				OBJ_53 /* when.swift */,
			);
			name = "PromiseKit 6.11.0";
			path = .build/checkouts/PromiseKit/Sources;
			sourceTree = SOURCE_ROOT;
		};
		OBJ_5 /*  */ = {
			isa = PBXGroup;
			children = (
				OBJ_6 /* Package.swift */,
				OBJ_7 /* Sources */,
				OBJ_27 /* Tests */,
				OBJ_28 /* Dependencies */,
				OBJ_73 /* Products */,
				OBJ_79 /* Fixture */,
				OBJ_80 /* Example */,
				OBJ_81 /* README.md */,
			);
			name = "";
			sourceTree = "<group>";
		};
		OBJ_54 /* Alamofire 4.8.2 */ = {
			isa = PBXGroup;
			children = (
				OBJ_55 /* Package.swift */,
				OBJ_56 /* AFError.swift */,
				OBJ_57 /* Alamofire.swift */,
				OBJ_58 /* DispatchQueue+Alamofire.swift */,
				OBJ_59 /* MultipartFormData.swift */,
				OBJ_60 /* NetworkReachabilityManager.swift */,
				OBJ_61 /* Notifications.swift */,
				OBJ_62 /* ParameterEncoding.swift */,
				OBJ_63 /* Request.swift */,
				OBJ_64 /* Response.swift */,
				OBJ_65 /* ResponseSerialization.swift */,
				OBJ_66 /* Result.swift */,
				OBJ_67 /* ServerTrustPolicy.swift */,
				OBJ_68 /* SessionDelegate.swift */,
				OBJ_69 /* SessionManager.swift */,
				OBJ_70 /* TaskDelegate.swift */,
				OBJ_71 /* Timeline.swift */,
				OBJ_72 /* Validation.swift */,
			);
			name = "Alamofire 4.8.2";
			path = .build/checkouts/Alamofire/Source;
			sourceTree = SOURCE_ROOT;
		};
		OBJ_7 /* Sources */ = {
			isa = PBXGroup;
			children = (
				OBJ_8 /* SoundCloudKit */,
			);
			name = Sources;
			sourceTree = SOURCE_ROOT;
		};
		OBJ_73 /* Products */ = {
			isa = PBXGroup;
			children = (
				"Alamofire::Alamofire::Product" /* Alamofire.framework */,
				"PMKAlamofire::PMKAlamofire::Product" /* PMKAlamofire.framework */,
				"ASWaveformPlayerView::ASWaveformPlayerView::Product" /* ASWaveformPlayerView.framework */,
				"SoundCloudKit::SoundCloudKit::Product" /* SoundCloudKit.framework */,
				"PromiseKit::PromiseKit::Product" /* PromiseKit.framework */,
			);
			name = Products;
			sourceTree = BUILT_PRODUCTS_DIR;
		};
		OBJ_8 /* SoundCloudKit */ = {
			isa = PBXGroup;
			children = (
				OBJ_9 /* APIClient */,
				OBJ_14 /* Ext */,
				OBJ_16 /* Models */,
				OBJ_25 /* PlayerVC */,
			);
			name = SoundCloudKit;
			path = Sources/SoundCloudKit;
			sourceTree = SOURCE_ROOT;
		};
		OBJ_9 /* APIClient */ = {
			isa = PBXGroup;
			children = (
				OBJ_10 /* APIClient+Router.swift */,
				OBJ_11 /* APIClient+fetch.swift */,
				OBJ_12 /* APIClient+track.swift */,
				OBJ_13 /* APIClient.swift */,
			);
			path = APIClient;
			sourceTree = "<group>";
		};
/* End PBXGroup section */

/* Begin PBXNativeTarget section */
		"ASWaveformPlayerView::ASWaveformPlayerView" /* ASWaveformPlayerView */ = {
			isa = PBXNativeTarget;
			buildConfigurationList = OBJ_83 /* Build configuration list for PBXNativeTarget "ASWaveformPlayerView" */;
			buildPhases = (
				OBJ_86 /* Sources */,
				OBJ_89 /* Frameworks */,
			);
			buildRules = (
			);
			dependencies = (
			);
			name = ASWaveformPlayerView;
			productName = ASWaveformPlayerView;
			productReference = "ASWaveformPlayerView::ASWaveformPlayerView::Product" /* ASWaveformPlayerView.framework */;
			productType = "com.apple.product-type.framework";
		};
		"ASWaveformPlayerView::SwiftPMPackageDescription" /* ASWaveformPlayerViewPackageDescription */ = {
			isa = PBXNativeTarget;
			buildConfigurationList = OBJ_91 /* Build configuration list for PBXNativeTarget "ASWaveformPlayerViewPackageDescription" */;
			buildPhases = (
				OBJ_94 /* Sources */,
			);
			buildRules = (
			);
			dependencies = (
			);
			name = ASWaveformPlayerViewPackageDescription;
			productName = ASWaveformPlayerViewPackageDescription;
			productType = "com.apple.product-type.framework";
		};
		"Alamofire::Alamofire" /* Alamofire */ = {
			isa = PBXNativeTarget;
			buildConfigurationList = OBJ_97 /* Build configuration list for PBXNativeTarget "Alamofire" */;
			buildPhases = (
				OBJ_100 /* Sources */,
				OBJ_118 /* Frameworks */,
			);
			buildRules = (
			);
			dependencies = (
			);
			name = Alamofire;
			productName = Alamofire;
			productReference = "Alamofire::Alamofire::Product" /* Alamofire.framework */;
			productType = "com.apple.product-type.framework";
		};
		"Alamofire::SwiftPMPackageDescription" /* AlamofirePackageDescription */ = {
			isa = PBXNativeTarget;
			buildConfigurationList = OBJ_120 /* Build configuration list for PBXNativeTarget "AlamofirePackageDescription" */;
			buildPhases = (
				OBJ_123 /* Sources */,
			);
			buildRules = (
			);
			dependencies = (
			);
			name = AlamofirePackageDescription;
			productName = AlamofirePackageDescription;
			productType = "com.apple.product-type.framework";
		};
		"PMKAlamofire::PMKAlamofire" /* PMKAlamofire */ = {
			isa = PBXNativeTarget;
			buildConfigurationList = OBJ_126 /* Build configuration list for PBXNativeTarget "PMKAlamofire" */;
			buildPhases = (
				OBJ_129 /* Sources */,
				OBJ_131 /* Frameworks */,
			);
			buildRules = (
			);
			dependencies = (
				OBJ_134 /* PBXTargetDependency */,
				OBJ_135 /* PBXTargetDependency */,
			);
			name = PMKAlamofire;
			productName = PMKAlamofire;
			productReference = "PMKAlamofire::PMKAlamofire::Product" /* PMKAlamofire.framework */;
			productType = "com.apple.product-type.framework";
		};
		"PMKAlamofire::SwiftPMPackageDescription" /* PMKAlamofirePackageDescription */ = {
			isa = PBXNativeTarget;
			buildConfigurationList = OBJ_138 /* Build configuration list for PBXNativeTarget "PMKAlamofirePackageDescription" */;
			buildPhases = (
				OBJ_141 /* Sources */,
			);
			buildRules = (
			);
			dependencies = (
			);
			name = PMKAlamofirePackageDescription;
			productName = PMKAlamofirePackageDescription;
			productType = "com.apple.product-type.framework";
		};
		"PromiseKit::PromiseKit" /* PromiseKit */ = {
			isa = PBXNativeTarget;
			buildConfigurationList = OBJ_143 /* Build configuration list for PBXNativeTarget "PromiseKit" */;
			buildPhases = (
				OBJ_146 /* Sources */,
				OBJ_162 /* Frameworks */,
			);
			buildRules = (
			);
			dependencies = (
			);
			name = PromiseKit;
			productName = PromiseKit;
			productReference = "PromiseKit::PromiseKit::Product" /* PromiseKit.framework */;
			productType = "com.apple.product-type.framework";
		};
		"PromiseKit::SwiftPMPackageDescription" /* PromiseKitPackageDescription */ = {
			isa = PBXNativeTarget;
			buildConfigurationList = OBJ_164 /* Build configuration list for PBXNativeTarget "PromiseKitPackageDescription" */;
			buildPhases = (
				OBJ_167 /* Sources */,
			);
			buildRules = (
			);
			dependencies = (
			);
			name = PromiseKitPackageDescription;
			productName = PromiseKitPackageDescription;
			productType = "com.apple.product-type.framework";
		};
		"SoundCloudKit::SoundCloudKit" /* SoundCloudKit */ = {
			isa = PBXNativeTarget;
			buildConfigurationList = OBJ_170 /* Build configuration list for PBXNativeTarget "SoundCloudKit" */;
			buildPhases = (
				OBJ_173 /* Sources */,
				OBJ_188 /* Frameworks */,
			);
			buildRules = (
			);
			dependencies = (
				OBJ_193 /* PBXTargetDependency */,
				OBJ_194 /* PBXTargetDependency */,
				OBJ_195 /* PBXTargetDependency */,
				OBJ_196 /* PBXTargetDependency */,
			);
			name = SoundCloudKit;
			productName = SoundCloudKit;
			productReference = "SoundCloudKit::SoundCloudKit::Product" /* SoundCloudKit.framework */;
			productType = "com.apple.product-type.framework";
		};
		"SoundCloudKit::SwiftPMPackageDescription" /* SoundCloudKitPackageDescription */ = {
			isa = PBXNativeTarget;
			buildConfigurationList = OBJ_198 /* Build configuration list for PBXNativeTarget "SoundCloudKitPackageDescription" */;
			buildPhases = (
				OBJ_201 /* Sources */,
			);
			buildRules = (
			);
			dependencies = (
			);
			name = SoundCloudKitPackageDescription;
			productName = SoundCloudKitPackageDescription;
			productType = "com.apple.product-type.framework";
		};
/* End PBXNativeTarget section */

/* Begin PBXProject section */
		OBJ_1 /* Project object */ = {
			isa = PBXProject;
			attributes = {
				LastSwiftMigration = 9999;
				LastUpgradeCheck = 9999;
			};
			buildConfigurationList = OBJ_2 /* Build configuration list for PBXProject "SoundCloudKit" */;
			compatibilityVersion = "Xcode 3.2";
			developmentRegion = en;
			hasScannedForEncodings = 0;
			knownRegions = (
				en,
			);
			mainGroup = OBJ_5 /*  */;
			productRefGroup = OBJ_73 /* Products */;
			projectDirPath = "";
			projectRoot = "";
			targets = (
				"ASWaveformPlayerView::ASWaveformPlayerView" /* ASWaveformPlayerView */,
				"ASWaveformPlayerView::SwiftPMPackageDescription" /* ASWaveformPlayerViewPackageDescription */,
				"Alamofire::Alamofire" /* Alamofire */,
				"Alamofire::SwiftPMPackageDescription" /* AlamofirePackageDescription */,
				"PMKAlamofire::PMKAlamofire" /* PMKAlamofire */,
				"PMKAlamofire::SwiftPMPackageDescription" /* PMKAlamofirePackageDescription */,
				"PromiseKit::PromiseKit" /* PromiseKit */,
				"PromiseKit::SwiftPMPackageDescription" /* PromiseKitPackageDescription */,
				"SoundCloudKit::SoundCloudKit" /* SoundCloudKit */,
				"SoundCloudKit::SwiftPMPackageDescription" /* SoundCloudKitPackageDescription */,
			);
		};
/* End PBXProject section */

/* Begin PBXSourcesBuildPhase section */
		OBJ_100 /* Sources */ = {
			isa = PBXSourcesBuildPhase;
			buildActionMask = 0;
			files = (
				OBJ_101 /* AFError.swift in Sources */,
				OBJ_102 /* Alamofire.swift in Sources */,
				OBJ_103 /* DispatchQueue+Alamofire.swift in Sources */,
				OBJ_104 /* MultipartFormData.swift in Sources */,
				OBJ_105 /* NetworkReachabilityManager.swift in Sources */,
				OBJ_106 /* Notifications.swift in Sources */,
				OBJ_107 /* ParameterEncoding.swift in Sources */,
				OBJ_108 /* Request.swift in Sources */,
				OBJ_109 /* Response.swift in Sources */,
				OBJ_110 /* ResponseSerialization.swift in Sources */,
				OBJ_111 /* Result.swift in Sources */,
				OBJ_112 /* ServerTrustPolicy.swift in Sources */,
				OBJ_113 /* SessionDelegate.swift in Sources */,
				OBJ_114 /* SessionManager.swift in Sources */,
				OBJ_115 /* TaskDelegate.swift in Sources */,
				OBJ_116 /* Timeline.swift in Sources */,
				OBJ_117 /* Validation.swift in Sources */,
			);
			runOnlyForDeploymentPostprocessing = 0;
		};
		OBJ_123 /* Sources */ = {
			isa = PBXSourcesBuildPhase;
			buildActionMask = 0;
			files = (
				OBJ_124 /* Package.swift in Sources */,
			);
			runOnlyForDeploymentPostprocessing = 0;
		};
		OBJ_129 /* Sources */ = {
			isa = PBXSourcesBuildPhase;
			buildActionMask = 0;
			files = (
				OBJ_130 /* Alamofire+Promise.swift in Sources */,
			);
			runOnlyForDeploymentPostprocessing = 0;
		};
		OBJ_141 /* Sources */ = {
			isa = PBXSourcesBuildPhase;
			buildActionMask = 0;
			files = (
				OBJ_142 /* Package.swift in Sources */,
			);
			runOnlyForDeploymentPostprocessing = 0;
		};
		OBJ_146 /* Sources */ = {
			isa = PBXSourcesBuildPhase;
			buildActionMask = 0;
			files = (
				OBJ_147 /* Box.swift in Sources */,
				OBJ_148 /* Catchable.swift in Sources */,
				OBJ_149 /* Configuration.swift in Sources */,
				OBJ_150 /* CustomStringConvertible.swift in Sources */,
				OBJ_151 /* Error.swift in Sources */,
				OBJ_152 /* Guarantee.swift in Sources */,
				OBJ_153 /* LogEvent.swift in Sources */,
				OBJ_154 /* Promise.swift in Sources */,
				OBJ_155 /* Resolver.swift in Sources */,
				OBJ_156 /* Thenable.swift in Sources */,
				OBJ_157 /* after.swift in Sources */,
				OBJ_158 /* firstly.swift in Sources */,
				OBJ_159 /* hang.swift in Sources */,
				OBJ_160 /* race.swift in Sources */,
				OBJ_161 /* when.swift in Sources */,
			);
			runOnlyForDeploymentPostprocessing = 0;
		};
		OBJ_167 /* Sources */ = {
			isa = PBXSourcesBuildPhase;
			buildActionMask = 0;
			files = (
				OBJ_168 /* Package.swift in Sources */,
			);
			runOnlyForDeploymentPostprocessing = 0;
		};
		OBJ_173 /* Sources */ = {
			isa = PBXSourcesBuildPhase;
			buildActionMask = 0;
			files = (
				OBJ_174 /* APIClient+Router.swift in Sources */,
				OBJ_175 /* APIClient+fetch.swift in Sources */,
				OBJ_176 /* APIClient+track.swift in Sources */,
				OBJ_177 /* APIClient.swift in Sources */,
				OBJ_178 /* String+URL.swift in Sources */,
				OBJ_179 /* Activity.swift in Sources */,
				OBJ_180 /* ActivityList.swift in Sources */,
				OBJ_181 /* ActivityType.swift in Sources */,
				OBJ_182 /* App.swift in Sources */,
				OBJ_183 /* Comment.swift in Sources */,
				OBJ_184 /* Playlist.swift in Sources */,
				OBJ_185 /* Track.swift in Sources */,
				OBJ_186 /* User.swift in Sources */,
				OBJ_187 /* PlayerVC.swift in Sources */,
			);
			runOnlyForDeploymentPostprocessing = 0;
		};
		OBJ_201 /* Sources */ = {
			isa = PBXSourcesBuildPhase;
			buildActionMask = 0;
			files = (
				OBJ_202 /* Package.swift in Sources */,
			);
			runOnlyForDeploymentPostprocessing = 0;
		};
		OBJ_86 /* Sources */ = {
			isa = PBXSourcesBuildPhase;
			buildActionMask = 0;
			files = (
				OBJ_87 /* ASWaveformPlayerView.swift in Sources */,
				OBJ_88 /* AudioAnalyser.swift in Sources */,
			);
			runOnlyForDeploymentPostprocessing = 0;
		};
		OBJ_94 /* Sources */ = {
			isa = PBXSourcesBuildPhase;
			buildActionMask = 0;
			files = (
				OBJ_95 /* Package.swift in Sources */,
			);
			runOnlyForDeploymentPostprocessing = 0;
		};
/* End PBXSourcesBuildPhase section */

/* Begin PBXTargetDependency section */
		OBJ_134 /* PBXTargetDependency */ = {
			isa = PBXTargetDependency;
			target = "Alamofire::Alamofire" /* Alamofire */;
			targetProxy = 0CA0D389231D817B009DA968 /* PBXContainerItemProxy */;
		};
		OBJ_135 /* PBXTargetDependency */ = {
			isa = PBXTargetDependency;
			target = "PromiseKit::PromiseKit" /* PromiseKit */;
			targetProxy = 0CA0D38A231D817B009DA968 /* PBXContainerItemProxy */;
		};
		OBJ_193 /* PBXTargetDependency */ = {
			isa = PBXTargetDependency;
			target = "ASWaveformPlayerView::ASWaveformPlayerView" /* ASWaveformPlayerView */;
			targetProxy = 0CA0D387231D817B009DA968 /* PBXContainerItemProxy */;
		};
		OBJ_194 /* PBXTargetDependency */ = {
			isa = PBXTargetDependency;
			target = "PMKAlamofire::PMKAlamofire" /* PMKAlamofire */;
			targetProxy = 0CA0D388231D817B009DA968 /* PBXContainerItemProxy */;
		};
		OBJ_195 /* PBXTargetDependency */ = {
			isa = PBXTargetDependency;
			target = "Alamofire::Alamofire" /* Alamofire */;
			targetProxy = 0CA0D38B231D817B009DA968 /* PBXContainerItemProxy */;
		};
		OBJ_196 /* PBXTargetDependency */ = {
			isa = PBXTargetDependency;
			target = "PromiseKit::PromiseKit" /* PromiseKit */;
			targetProxy = 0CA0D38C231D817B009DA968 /* PBXContainerItemProxy */;
		};
/* End PBXTargetDependency section */

/* Begin XCBuildConfiguration section */
		OBJ_121 /* Debug */ = {
			isa = XCBuildConfiguration;
			buildSettings = {
				LD = /usr/bin/true;
				OTHER_SWIFT_FLAGS = "-swift-version 4.2 -I $(TOOLCHAIN_DIR)/usr/lib/swift/pm/4_2 -target x86_64-apple-macosx10.10 -sdk /Applications/Xcode.app/Contents/Developer/Platforms/MacOSX.platform/Developer/SDKs/MacOSX10.15.sdk -package-description-version 4.2";
				SWIFT_VERSION = 4.2;
			};
			name = Debug;
		};
		OBJ_122 /* Release */ = {
			isa = XCBuildConfiguration;
			buildSettings = {
				LD = /usr/bin/true;
				OTHER_SWIFT_FLAGS = "-swift-version 4.2 -I $(TOOLCHAIN_DIR)/usr/lib/swift/pm/4_2 -target x86_64-apple-macosx10.10 -sdk /Applications/Xcode.app/Contents/Developer/Platforms/MacOSX.platform/Developer/SDKs/MacOSX10.15.sdk -package-description-version 4.2";
				SWIFT_VERSION = 4.2;
			};
			name = Release;
		};
		OBJ_127 /* Debug */ = {
			isa = XCBuildConfiguration;
			buildSettings = {
				ENABLE_TESTABILITY = YES;
				FRAMEWORK_SEARCH_PATHS = (
					"$(inherited)",
					"$(PLATFORM_DIR)/Developer/Library/Frameworks",
				);
				HEADER_SEARCH_PATHS = "$(inherited)";
				INFOPLIST_FILE = SoundCloudKit.xcodeproj/PMKAlamofire_Info.plist;
				LD_RUNPATH_SEARCH_PATHS = "$(inherited) $(TOOLCHAIN_DIR)/usr/lib/swift/macosx";
				OTHER_CFLAGS = "$(inherited)";
				OTHER_LDFLAGS = "$(inherited)";
				OTHER_SWIFT_FLAGS = "$(inherited)";
				PRODUCT_BUNDLE_IDENTIFIER = PMKAlamofire;
				PRODUCT_MODULE_NAME = "$(TARGET_NAME:c99extidentifier)";
				PRODUCT_NAME = "$(TARGET_NAME:c99extidentifier)";
				SKIP_INSTALL = YES;
				SWIFT_ACTIVE_COMPILATION_CONDITIONS = "$(inherited)";
				SWIFT_VERSION = 4.2;
				TARGET_NAME = PMKAlamofire;
			};
			name = Debug;
		};
		OBJ_128 /* Release */ = {
			isa = XCBuildConfiguration;
			buildSettings = {
				ENABLE_TESTABILITY = YES;
				FRAMEWORK_SEARCH_PATHS = (
					"$(inherited)",
					"$(PLATFORM_DIR)/Developer/Library/Frameworks",
				);
				HEADER_SEARCH_PATHS = "$(inherited)";
				INFOPLIST_FILE = SoundCloudKit.xcodeproj/PMKAlamofire_Info.plist;
				LD_RUNPATH_SEARCH_PATHS = "$(inherited) $(TOOLCHAIN_DIR)/usr/lib/swift/macosx";
				OTHER_CFLAGS = "$(inherited)";
				OTHER_LDFLAGS = "$(inherited)";
				OTHER_SWIFT_FLAGS = "$(inherited)";
				PRODUCT_BUNDLE_IDENTIFIER = PMKAlamofire;
				PRODUCT_MODULE_NAME = "$(TARGET_NAME:c99extidentifier)";
				PRODUCT_NAME = "$(TARGET_NAME:c99extidentifier)";
				SKIP_INSTALL = YES;
				SWIFT_ACTIVE_COMPILATION_CONDITIONS = "$(inherited)";
				SWIFT_VERSION = 4.2;
				TARGET_NAME = PMKAlamofire;
			};
			name = Release;
		};
		OBJ_139 /* Debug */ = {
			isa = XCBuildConfiguration;
			buildSettings = {
				LD = /usr/bin/true;
				OTHER_SWIFT_FLAGS = "-swift-version 4.2 -I $(TOOLCHAIN_DIR)/usr/lib/swift/pm/4_2 -target x86_64-apple-macosx10.10 -sdk /Applications/Xcode.app/Contents/Developer/Platforms/MacOSX.platform/Developer/SDKs/MacOSX10.15.sdk -package-description-version 4.2";
				SWIFT_VERSION = 4.2;
			};
			name = Debug;
		};
		OBJ_140 /* Release */ = {
			isa = XCBuildConfiguration;
			buildSettings = {
				LD = /usr/bin/true;
				OTHER_SWIFT_FLAGS = "-swift-version 4.2 -I $(TOOLCHAIN_DIR)/usr/lib/swift/pm/4_2 -target x86_64-apple-macosx10.10 -sdk /Applications/Xcode.app/Contents/Developer/Platforms/MacOSX.platform/Developer/SDKs/MacOSX10.15.sdk -package-description-version 4.2";
				SWIFT_VERSION = 4.2;
			};
			name = Release;
		};
		OBJ_144 /* Debug */ = {
			isa = XCBuildConfiguration;
			buildSettings = {
				ENABLE_TESTABILITY = YES;
				FRAMEWORK_SEARCH_PATHS = (
					"$(inherited)",
					"$(PLATFORM_DIR)/Developer/Library/Frameworks",
				);
				HEADER_SEARCH_PATHS = "$(inherited)";
				INFOPLIST_FILE = SoundCloudKit.xcodeproj/PromiseKit_Info.plist;
				LD_RUNPATH_SEARCH_PATHS = "$(inherited) $(TOOLCHAIN_DIR)/usr/lib/swift/macosx";
				OTHER_CFLAGS = "$(inherited)";
				OTHER_LDFLAGS = "$(inherited)";
				OTHER_SWIFT_FLAGS = "$(inherited)";
				PRODUCT_BUNDLE_IDENTIFIER = PromiseKit;
				PRODUCT_MODULE_NAME = "$(TARGET_NAME:c99extidentifier)";
				PRODUCT_NAME = "$(TARGET_NAME:c99extidentifier)";
				SKIP_INSTALL = YES;
				SWIFT_ACTIVE_COMPILATION_CONDITIONS = "$(inherited)";
				SWIFT_VERSION = 5.0;
				TARGET_NAME = PromiseKit;
			};
			name = Debug;
		};
		OBJ_145 /* Release */ = {
			isa = XCBuildConfiguration;
			buildSettings = {
				ENABLE_TESTABILITY = YES;
				FRAMEWORK_SEARCH_PATHS = (
					"$(inherited)",
					"$(PLATFORM_DIR)/Developer/Library/Frameworks",
				);
				HEADER_SEARCH_PATHS = "$(inherited)";
				INFOPLIST_FILE = SoundCloudKit.xcodeproj/PromiseKit_Info.plist;
				LD_RUNPATH_SEARCH_PATHS = "$(inherited) $(TOOLCHAIN_DIR)/usr/lib/swift/macosx";
				OTHER_CFLAGS = "$(inherited)";
				OTHER_LDFLAGS = "$(inherited)";
				OTHER_SWIFT_FLAGS = "$(inherited)";
				PRODUCT_BUNDLE_IDENTIFIER = PromiseKit;
				PRODUCT_MODULE_NAME = "$(TARGET_NAME:c99extidentifier)";
				PRODUCT_NAME = "$(TARGET_NAME:c99extidentifier)";
				SKIP_INSTALL = YES;
				SWIFT_ACTIVE_COMPILATION_CONDITIONS = "$(inherited)";
				SWIFT_VERSION = 5.0;
				TARGET_NAME = PromiseKit;
			};
			name = Release;
		};
		OBJ_165 /* Debug */ = {
			isa = XCBuildConfiguration;
			buildSettings = {
				LD = /usr/bin/true;
				OTHER_SWIFT_FLAGS = "-swift-version 5 -I $(TOOLCHAIN_DIR)/usr/lib/swift/pm/4_2 -target x86_64-apple-macosx10.10 -sdk /Applications/Xcode.app/Contents/Developer/Platforms/MacOSX.platform/Developer/SDKs/MacOSX10.15.sdk -package-description-version 5";
				SWIFT_VERSION = 5.0;
			};
			name = Debug;
		};
		OBJ_166 /* Release */ = {
			isa = XCBuildConfiguration;
			buildSettings = {
				LD = /usr/bin/true;
				OTHER_SWIFT_FLAGS = "-swift-version 5 -I $(TOOLCHAIN_DIR)/usr/lib/swift/pm/4_2 -target x86_64-apple-macosx10.10 -sdk /Applications/Xcode.app/Contents/Developer/Platforms/MacOSX.platform/Developer/SDKs/MacOSX10.15.sdk -package-description-version 5";
				SWIFT_VERSION = 5.0;
			};
			name = Release;
		};
		OBJ_171 /* Debug */ = {
			isa = XCBuildConfiguration;
			buildSettings = {
				ENABLE_TESTABILITY = YES;
				FRAMEWORK_SEARCH_PATHS = (
					"$(inherited)",
					"$(PLATFORM_DIR)/Developer/Library/Frameworks",
				);
				HEADER_SEARCH_PATHS = "$(inherited)";
				INFOPLIST_FILE = SoundCloudKit.xcodeproj/SoundCloudKit_Info.plist;
				LD_RUNPATH_SEARCH_PATHS = "$(inherited) $(TOOLCHAIN_DIR)/usr/lib/swift/macosx";
				OTHER_CFLAGS = "$(inherited)";
				OTHER_LDFLAGS = "$(inherited)";
				OTHER_SWIFT_FLAGS = "$(inherited)";
				PRODUCT_BUNDLE_IDENTIFIER = SoundCloudKit;
				PRODUCT_MODULE_NAME = "$(TARGET_NAME:c99extidentifier)";
				PRODUCT_NAME = "$(TARGET_NAME:c99extidentifier)";
				SKIP_INSTALL = YES;
				SWIFT_ACTIVE_COMPILATION_CONDITIONS = "$(inherited)";
				SWIFT_VERSION = 5.0;
				TARGET_NAME = SoundCloudKit;
			};
			name = Debug;
		};
		OBJ_172 /* Release */ = {
			isa = XCBuildConfiguration;
			buildSettings = {
				ENABLE_TESTABILITY = YES;
				FRAMEWORK_SEARCH_PATHS = (
					"$(inherited)",
					"$(PLATFORM_DIR)/Developer/Library/Frameworks",
				);
				HEADER_SEARCH_PATHS = "$(inherited)";
				INFOPLIST_FILE = SoundCloudKit.xcodeproj/SoundCloudKit_Info.plist;
				LD_RUNPATH_SEARCH_PATHS = "$(inherited) $(TOOLCHAIN_DIR)/usr/lib/swift/macosx";
				OTHER_CFLAGS = "$(inherited)";
				OTHER_LDFLAGS = "$(inherited)";
				OTHER_SWIFT_FLAGS = "$(inherited)";
				PRODUCT_BUNDLE_IDENTIFIER = SoundCloudKit;
				PRODUCT_MODULE_NAME = "$(TARGET_NAME:c99extidentifier)";
				PRODUCT_NAME = "$(TARGET_NAME:c99extidentifier)";
				SKIP_INSTALL = YES;
				SWIFT_ACTIVE_COMPILATION_CONDITIONS = "$(inherited)";
				SWIFT_VERSION = 5.0;
				TARGET_NAME = SoundCloudKit;
			};
			name = Release;
		};
		OBJ_199 /* Debug */ = {
			isa = XCBuildConfiguration;
			buildSettings = {
				LD = /usr/bin/true;
				OTHER_SWIFT_FLAGS = "-swift-version 5 -I $(TOOLCHAIN_DIR)/usr/lib/swift/pm/4_2 -target x86_64-apple-macosx10.10 -sdk /Applications/Xcode.app/Contents/Developer/Platforms/MacOSX.platform/Developer/SDKs/MacOSX10.15.sdk -package-description-version 5.1";
				SWIFT_VERSION = 5.0;
			};
			name = Debug;
		};
		OBJ_200 /* Release */ = {
			isa = XCBuildConfiguration;
			buildSettings = {
				LD = /usr/bin/true;
				OTHER_SWIFT_FLAGS = "-swift-version 5 -I $(TOOLCHAIN_DIR)/usr/lib/swift/pm/4_2 -target x86_64-apple-macosx10.10 -sdk /Applications/Xcode.app/Contents/Developer/Platforms/MacOSX.platform/Developer/SDKs/MacOSX10.15.sdk -package-description-version 5.1";
				SWIFT_VERSION = 5.0;
			};
			name = Release;
		};
		OBJ_3 /* Debug */ = {
			isa = XCBuildConfiguration;
			buildSettings = {
				CLANG_ENABLE_OBJC_ARC = YES;
				COMBINE_HIDPI_IMAGES = YES;
				COPY_PHASE_STRIP = NO;
				DEBUG_INFORMATION_FORMAT = dwarf;
				DYLIB_INSTALL_NAME_BASE = "@rpath";
				ENABLE_NS_ASSERTIONS = YES;
				GCC_OPTIMIZATION_LEVEL = 0;
				GCC_PREPROCESSOR_DEFINITIONS = (
					"$(inherited)",
					"SWIFT_PACKAGE=1",
					"DEBUG=1",
				);
				IPHONEOS_DEPLOYMENT_TARGET = 12.0;
				MACOSX_DEPLOYMENT_TARGET = 10.10;
				ONLY_ACTIVE_ARCH = YES;
				OTHER_SWIFT_FLAGS = "$(inherited) -DXcode";
				PRODUCT_NAME = "$(TARGET_NAME)";
				SDKROOT = iphoneos;
				SUPPORTED_PLATFORMS = "macosx iphoneos iphonesimulator appletvos appletvsimulator watchos watchsimulator";
				SWIFT_ACTIVE_COMPILATION_CONDITIONS = "$(inherited) SWIFT_PACKAGE DEBUG";
				SWIFT_OPTIMIZATION_LEVEL = "-Onone";
				USE_HEADERMAP = NO;
			};
			name = Debug;
		};
		OBJ_4 /* Release */ = {
			isa = XCBuildConfiguration;
			buildSettings = {
				CLANG_ENABLE_OBJC_ARC = YES;
				COMBINE_HIDPI_IMAGES = YES;
				COPY_PHASE_STRIP = YES;
				DEBUG_INFORMATION_FORMAT = "dwarf-with-dsym";
				DYLIB_INSTALL_NAME_BASE = "@rpath";
				GCC_OPTIMIZATION_LEVEL = s;
				GCC_PREPROCESSOR_DEFINITIONS = (
					"$(inherited)",
					"SWIFT_PACKAGE=1",
				);
				IPHONEOS_DEPLOYMENT_TARGET = 12.0;
				MACOSX_DEPLOYMENT_TARGET = 10.10;
				OTHER_SWIFT_FLAGS = "$(inherited) -DXcode";
				PRODUCT_NAME = "$(TARGET_NAME)";
				SDKROOT = iphoneos;
				SUPPORTED_PLATFORMS = "macosx iphoneos iphonesimulator appletvos appletvsimulator watchos watchsimulator";
				SWIFT_ACTIVE_COMPILATION_CONDITIONS = "$(inherited) SWIFT_PACKAGE";
				SWIFT_OPTIMIZATION_LEVEL = "-Owholemodule";
				USE_HEADERMAP = NO;
			};
			name = Release;
		};
		OBJ_84 /* Debug */ = {
			isa = XCBuildConfiguration;
			buildSettings = {
				ENABLE_TESTABILITY = YES;
				FRAMEWORK_SEARCH_PATHS = (
					"$(inherited)",
					"$(PLATFORM_DIR)/Developer/Library/Frameworks",
				);
				HEADER_SEARCH_PATHS = "$(inherited)";
				INFOPLIST_FILE = SoundCloudKit.xcodeproj/ASWaveformPlayerView_Info.plist;
				LD_RUNPATH_SEARCH_PATHS = "$(inherited) $(TOOLCHAIN_DIR)/usr/lib/swift/macosx";
				OTHER_CFLAGS = "$(inherited)";
				OTHER_LDFLAGS = "$(inherited)";
				OTHER_SWIFT_FLAGS = "$(inherited)";
				PRODUCT_BUNDLE_IDENTIFIER = ASWaveformPlayerView;
				PRODUCT_MODULE_NAME = "$(TARGET_NAME:c99extidentifier)";
				PRODUCT_NAME = "$(TARGET_NAME:c99extidentifier)";
				SKIP_INSTALL = YES;
				SWIFT_ACTIVE_COMPILATION_CONDITIONS = "$(inherited)";
				SWIFT_VERSION = 5.0;
				TARGET_NAME = ASWaveformPlayerView;
			};
			name = Debug;
		};
		OBJ_85 /* Release */ = {
			isa = XCBuildConfiguration;
			buildSettings = {
				ENABLE_TESTABILITY = YES;
				FRAMEWORK_SEARCH_PATHS = (
					"$(inherited)",
					"$(PLATFORM_DIR)/Developer/Library/Frameworks",
				);
				HEADER_SEARCH_PATHS = "$(inherited)";
				INFOPLIST_FILE = SoundCloudKit.xcodeproj/ASWaveformPlayerView_Info.plist;
				LD_RUNPATH_SEARCH_PATHS = "$(inherited) $(TOOLCHAIN_DIR)/usr/lib/swift/macosx";
				OTHER_CFLAGS = "$(inherited)";
				OTHER_LDFLAGS = "$(inherited)";
				OTHER_SWIFT_FLAGS = "$(inherited)";
				PRODUCT_BUNDLE_IDENTIFIER = ASWaveformPlayerView;
				PRODUCT_MODULE_NAME = "$(TARGET_NAME:c99extidentifier)";
				PRODUCT_NAME = "$(TARGET_NAME:c99extidentifier)";
				SKIP_INSTALL = YES;
				SWIFT_ACTIVE_COMPILATION_CONDITIONS = "$(inherited)";
				SWIFT_VERSION = 5.0;
				TARGET_NAME = ASWaveformPlayerView;
			};
			name = Release;
		};
		OBJ_92 /* Debug */ = {
			isa = XCBuildConfiguration;
			buildSettings = {
				LD = /usr/bin/true;
				OTHER_SWIFT_FLAGS = "-swift-version 5 -I $(TOOLCHAIN_DIR)/usr/lib/swift/pm/4_2 -target x86_64-apple-macosx10.10 -sdk /Applications/Xcode.app/Contents/Developer/Platforms/MacOSX.platform/Developer/SDKs/MacOSX10.15.sdk -package-description-version 5.1";
				SWIFT_VERSION = 5.0;
			};
			name = Debug;
		};
		OBJ_93 /* Release */ = {
			isa = XCBuildConfiguration;
			buildSettings = {
				LD = /usr/bin/true;
				OTHER_SWIFT_FLAGS = "-swift-version 5 -I $(TOOLCHAIN_DIR)/usr/lib/swift/pm/4_2 -target x86_64-apple-macosx10.10 -sdk /Applications/Xcode.app/Contents/Developer/Platforms/MacOSX.platform/Developer/SDKs/MacOSX10.15.sdk -package-description-version 5.1";
				SWIFT_VERSION = 5.0;
			};
			name = Release;
		};
		OBJ_98 /* Debug */ = {
			isa = XCBuildConfiguration;
			buildSettings = {
				ENABLE_TESTABILITY = YES;
				FRAMEWORK_SEARCH_PATHS = (
					"$(inherited)",
					"$(PLATFORM_DIR)/Developer/Library/Frameworks",
				);
				HEADER_SEARCH_PATHS = "$(inherited)";
				INFOPLIST_FILE = SoundCloudKit.xcodeproj/Alamofire_Info.plist;
				LD_RUNPATH_SEARCH_PATHS = "$(inherited) $(TOOLCHAIN_DIR)/usr/lib/swift/macosx";
				OTHER_CFLAGS = "$(inherited)";
				OTHER_LDFLAGS = "$(inherited)";
				OTHER_SWIFT_FLAGS = "$(inherited)";
				PRODUCT_BUNDLE_IDENTIFIER = Alamofire;
				PRODUCT_MODULE_NAME = "$(TARGET_NAME:c99extidentifier)";
				PRODUCT_NAME = "$(TARGET_NAME:c99extidentifier)";
				SKIP_INSTALL = YES;
				SWIFT_ACTIVE_COMPILATION_CONDITIONS = "$(inherited)";
				SWIFT_VERSION = 4.0;
				TARGET_NAME = Alamofire;
			};
			name = Debug;
		};
		OBJ_99 /* Release */ = {
			isa = XCBuildConfiguration;
			buildSettings = {
				ENABLE_TESTABILITY = YES;
				FRAMEWORK_SEARCH_PATHS = (
					"$(inherited)",
					"$(PLATFORM_DIR)/Developer/Library/Frameworks",
				);
				HEADER_SEARCH_PATHS = "$(inherited)";
				INFOPLIST_FILE = SoundCloudKit.xcodeproj/Alamofire_Info.plist;
				LD_RUNPATH_SEARCH_PATHS = "$(inherited) $(TOOLCHAIN_DIR)/usr/lib/swift/macosx";
				OTHER_CFLAGS = "$(inherited)";
				OTHER_LDFLAGS = "$(inherited)";
				OTHER_SWIFT_FLAGS = "$(inherited)";
				PRODUCT_BUNDLE_IDENTIFIER = Alamofire;
				PRODUCT_MODULE_NAME = "$(TARGET_NAME:c99extidentifier)";
				PRODUCT_NAME = "$(TARGET_NAME:c99extidentifier)";
				SKIP_INSTALL = YES;
				SWIFT_ACTIVE_COMPILATION_CONDITIONS = "$(inherited)";
				SWIFT_VERSION = 4.0;
				TARGET_NAME = Alamofire;
			};
			name = Release;
		};
/* End XCBuildConfiguration section */

/* Begin XCConfigurationList section */
		OBJ_120 /* Build configuration list for PBXNativeTarget "AlamofirePackageDescription" */ = {
			isa = XCConfigurationList;
			buildConfigurations = (
				OBJ_121 /* Debug */,
				OBJ_122 /* Release */,
			);
			defaultConfigurationIsVisible = 0;
			defaultConfigurationName = Release;
		};
		OBJ_126 /* Build configuration list for PBXNativeTarget "PMKAlamofire" */ = {
			isa = XCConfigurationList;
			buildConfigurations = (
				OBJ_127 /* Debug */,
				OBJ_128 /* Release */,
			);
			defaultConfigurationIsVisible = 0;
			defaultConfigurationName = Release;
		};
		OBJ_138 /* Build configuration list for PBXNativeTarget "PMKAlamofirePackageDescription" */ = {
			isa = XCConfigurationList;
			buildConfigurations = (
				OBJ_139 /* Debug */,
				OBJ_140 /* Release */,
			);
			defaultConfigurationIsVisible = 0;
			defaultConfigurationName = Release;
		};
		OBJ_143 /* Build configuration list for PBXNativeTarget "PromiseKit" */ = {
			isa = XCConfigurationList;
			buildConfigurations = (
				OBJ_144 /* Debug */,
				OBJ_145 /* Release */,
			);
			defaultConfigurationIsVisible = 0;
			defaultConfigurationName = Release;
		};
		OBJ_164 /* Build configuration list for PBXNativeTarget "PromiseKitPackageDescription" */ = {
			isa = XCConfigurationList;
			buildConfigurations = (
				OBJ_165 /* Debug */,
				OBJ_166 /* Release */,
			);
			defaultConfigurationIsVisible = 0;
			defaultConfigurationName = Release;
		};
		OBJ_170 /* Build configuration list for PBXNativeTarget "SoundCloudKit" */ = {
			isa = XCConfigurationList;
			buildConfigurations = (
				OBJ_171 /* Debug */,
				OBJ_172 /* Release */,
			);
			defaultConfigurationIsVisible = 0;
			defaultConfigurationName = Release;
		};
		OBJ_198 /* Build configuration list for PBXNativeTarget "SoundCloudKitPackageDescription" */ = {
			isa = XCConfigurationList;
			buildConfigurations = (
				OBJ_199 /* Debug */,
				OBJ_200 /* Release */,
			);
			defaultConfigurationIsVisible = 0;
			defaultConfigurationName = Release;
		};
		OBJ_2 /* Build configuration list for PBXProject "SoundCloudKit" */ = {
			isa = XCConfigurationList;
			buildConfigurations = (
				OBJ_3 /* Debug */,
				OBJ_4 /* Release */,
			);
			defaultConfigurationIsVisible = 0;
			defaultConfigurationName = Release;
		};
		OBJ_83 /* Build configuration list for PBXNativeTarget "ASWaveformPlayerView" */ = {
			isa = XCConfigurationList;
			buildConfigurations = (
				OBJ_84 /* Debug */,
				OBJ_85 /* Release */,
			);
			defaultConfigurationIsVisible = 0;
			defaultConfigurationName = Release;
		};
		OBJ_91 /* Build configuration list for PBXNativeTarget "ASWaveformPlayerViewPackageDescription" */ = {
			isa = XCConfigurationList;
			buildConfigurations = (
				OBJ_92 /* Debug */,
				OBJ_93 /* Release */,
			);
			defaultConfigurationIsVisible = 0;
			defaultConfigurationName = Release;
		};
		OBJ_97 /* Build configuration list for PBXNativeTarget "Alamofire" */ = {
			isa = XCConfigurationList;
			buildConfigurations = (
				OBJ_98 /* Debug */,
				OBJ_99 /* Release */,
			);
			defaultConfigurationIsVisible = 0;
			defaultConfigurationName = Release;
		};
/* End XCConfigurationList section */
	};
	rootObject = OBJ_1 /* Project object */;
}
