// !$*UTF8*$!
{
   archiveVersion = "1";
   objectVersion = "46";
   objects = {
      "ASWaveformPlayerView::ASWaveformPlayerView" = {
         isa = "PBXNativeTarget";
         buildConfigurationList = "OBJ_83";
         buildPhases = (
            "OBJ_86",
            "OBJ_89"
         );
         dependencies = (
         );
         name = "ASWaveformPlayerView";
         productName = "ASWaveformPlayerView";
         productReference = "ASWaveformPlayerView::ASWaveformPlayerView::Product";
         productType = "com.apple.product-type.framework";
      };
      "ASWaveformPlayerView::ASWaveformPlayerView::Product" = {
         isa = "PBXFileReference";
         path = "ASWaveformPlayerView.framework";
         sourceTree = "BUILT_PRODUCTS_DIR";
      };
      "ASWaveformPlayerView::SwiftPMPackageDescription" = {
         isa = "PBXNativeTarget";
         buildConfigurationList = "OBJ_91";
         buildPhases = (
            "OBJ_94"
         );
         dependencies = (
         );
         name = "ASWaveformPlayerViewPackageDescription";
         productName = "ASWaveformPlayerViewPackageDescription";
         productType = "com.apple.product-type.framework";
      };
      "Alamofire::Alamofire" = {
         isa = "PBXNativeTarget";
         buildConfigurationList = "OBJ_97";
         buildPhases = (
            "OBJ_100",
            "OBJ_118"
         );
         dependencies = (
         );
         name = "Alamofire";
         productName = "Alamofire";
         productReference = "Alamofire::Alamofire::Product";
         productType = "com.apple.product-type.framework";
      };
      "Alamofire::Alamofire::Product" = {
         isa = "PBXFileReference";
         path = "Alamofire.framework";
         sourceTree = "BUILT_PRODUCTS_DIR";
      };
      "Alamofire::SwiftPMPackageDescription" = {
         isa = "PBXNativeTarget";
         buildConfigurationList = "OBJ_120";
         buildPhases = (
            "OBJ_123"
         );
         dependencies = (
         );
         name = "AlamofirePackageDescription";
         productName = "AlamofirePackageDescription";
         productType = "com.apple.product-type.framework";
      };
      "OBJ_1" = {
         isa = "PBXProject";
         attributes = {
            LastSwiftMigration = "9999";
            LastUpgradeCheck = "9999";
         };
         buildConfigurationList = "OBJ_2";
         compatibilityVersion = "Xcode 3.2";
         developmentRegion = "en";
         hasScannedForEncodings = "0";
         knownRegions = (
            "en"
         );
         mainGroup = "OBJ_5";
         productRefGroup = "OBJ_73";
         projectDirPath = ".";
         targets = (
            "ASWaveformPlayerView::ASWaveformPlayerView",
            "ASWaveformPlayerView::SwiftPMPackageDescription",
            "Alamofire::Alamofire",
            "Alamofire::SwiftPMPackageDescription",
            "PMKAlamofire::PMKAlamofire",
            "PMKAlamofire::SwiftPMPackageDescription",
            "PromiseKit::PromiseKit",
            "PromiseKit::SwiftPMPackageDescription",
            "SoundCloudKit::SoundCloudKit",
            "SoundCloudKit::SwiftPMPackageDescription"
         );
      };
      "OBJ_10" = {
         isa = "PBXFileReference";
         path = "APIClient+Router.swift";
         sourceTree = "<group>";
      };
      "OBJ_100" = {
         isa = "PBXSourcesBuildPhase";
         files = (
            "OBJ_101",
            "OBJ_102",
            "OBJ_103",
            "OBJ_104",
            "OBJ_105",
            "OBJ_106",
            "OBJ_107",
            "OBJ_108",
            "OBJ_109",
            "OBJ_110",
            "OBJ_111",
            "OBJ_112",
            "OBJ_113",
            "OBJ_114",
            "OBJ_115",
            "OBJ_116",
            "OBJ_117"
         );
      };
      "OBJ_101" = {
         isa = "PBXBuildFile";
         fileRef = "OBJ_56";
      };
      "OBJ_102" = {
         isa = "PBXBuildFile";
         fileRef = "OBJ_57";
      };
      "OBJ_103" = {
         isa = "PBXBuildFile";
         fileRef = "OBJ_58";
      };
      "OBJ_104" = {
         isa = "PBXBuildFile";
         fileRef = "OBJ_59";
      };
      "OBJ_105" = {
         isa = "PBXBuildFile";
         fileRef = "OBJ_60";
      };
      "OBJ_106" = {
         isa = "PBXBuildFile";
         fileRef = "OBJ_61";
      };
      "OBJ_107" = {
         isa = "PBXBuildFile";
         fileRef = "OBJ_62";
      };
      "OBJ_108" = {
         isa = "PBXBuildFile";
         fileRef = "OBJ_63";
      };
      "OBJ_109" = {
         isa = "PBXBuildFile";
         fileRef = "OBJ_64";
      };
      "OBJ_11" = {
         isa = "PBXFileReference";
         path = "APIClient+fetch.swift";
         sourceTree = "<group>";
      };
      "OBJ_110" = {
         isa = "PBXBuildFile";
         fileRef = "OBJ_65";
      };
      "OBJ_111" = {
         isa = "PBXBuildFile";
         fileRef = "OBJ_66";
      };
      "OBJ_112" = {
         isa = "PBXBuildFile";
         fileRef = "OBJ_67";
      };
      "OBJ_113" = {
         isa = "PBXBuildFile";
         fileRef = "OBJ_68";
      };
      "OBJ_114" = {
         isa = "PBXBuildFile";
         fileRef = "OBJ_69";
      };
      "OBJ_115" = {
         isa = "PBXBuildFile";
         fileRef = "OBJ_70";
      };
      "OBJ_116" = {
         isa = "PBXBuildFile";
         fileRef = "OBJ_71";
      };
      "OBJ_117" = {
         isa = "PBXBuildFile";
         fileRef = "OBJ_72";
      };
      "OBJ_118" = {
         isa = "PBXFrameworksBuildPhase";
         files = (
         );
      };
      "OBJ_12" = {
         isa = "PBXFileReference";
         path = "APIClient+track.swift";
         sourceTree = "<group>";
      };
      "OBJ_120" = {
         isa = "XCConfigurationList";
         buildConfigurations = (
            "OBJ_121",
            "OBJ_122"
         );
         defaultConfigurationIsVisible = "0";
         defaultConfigurationName = "Release";
      };
      "OBJ_121" = {
         isa = "XCBuildConfiguration";
         buildSettings = {
            LD = "/usr/bin/true";
            OTHER_SWIFT_FLAGS = (
               "-swift-version",
               "4.2",
               "-I",
               "$(TOOLCHAIN_DIR)/usr/lib/swift/pm/4_2",
               "-target",
               "x86_64-apple-macosx10.10",
               "-sdk",
               "/Applications/Xcode.app/Contents/Developer/Platforms/MacOSX.platform/Developer/SDKs/MacOSX10.15.sdk",
               "-package-description-version",
               "4.2"
            );
            SWIFT_VERSION = "4.2";
         };
         name = "Debug";
      };
      "OBJ_122" = {
         isa = "XCBuildConfiguration";
         buildSettings = {
            LD = "/usr/bin/true";
            OTHER_SWIFT_FLAGS = (
               "-swift-version",
               "4.2",
               "-I",
               "$(TOOLCHAIN_DIR)/usr/lib/swift/pm/4_2",
               "-target",
               "x86_64-apple-macosx10.10",
               "-sdk",
               "/Applications/Xcode.app/Contents/Developer/Platforms/MacOSX.platform/Developer/SDKs/MacOSX10.15.sdk",
               "-package-description-version",
               "4.2"
            );
            SWIFT_VERSION = "4.2";
         };
         name = "Release";
      };
      "OBJ_123" = {
         isa = "PBXSourcesBuildPhase";
         files = (
            "OBJ_124"
         );
      };
      "OBJ_124" = {
         isa = "PBXBuildFile";
         fileRef = "OBJ_55";
      };
      "OBJ_126" = {
         isa = "XCConfigurationList";
         buildConfigurations = (
            "OBJ_127",
            "OBJ_128"
         );
         defaultConfigurationIsVisible = "0";
         defaultConfigurationName = "Release";
      };
      "OBJ_127" = {
         isa = "XCBuildConfiguration";
         buildSettings = {
            ENABLE_TESTABILITY = "YES";
            FRAMEWORK_SEARCH_PATHS = (
               "$(inherited)",
               "$(PLATFORM_DIR)/Developer/Library/Frameworks"
            );
            HEADER_SEARCH_PATHS = (
               "$(inherited)"
            );
            INFOPLIST_FILE = "SoundCloudKit.xcodeproj/PMKAlamofire_Info.plist";
            LD_RUNPATH_SEARCH_PATHS = (
               "$(inherited)",
               "$(TOOLCHAIN_DIR)/usr/lib/swift/macosx"
            );
            OTHER_CFLAGS = (
               "$(inherited)"
            );
            OTHER_LDFLAGS = (
               "$(inherited)"
            );
            OTHER_SWIFT_FLAGS = (
               "$(inherited)"
            );
            PRODUCT_BUNDLE_IDENTIFIER = "PMKAlamofire";
            PRODUCT_MODULE_NAME = "$(TARGET_NAME:c99extidentifier)";
            PRODUCT_NAME = "$(TARGET_NAME:c99extidentifier)";
            SKIP_INSTALL = "YES";
            SWIFT_ACTIVE_COMPILATION_CONDITIONS = (
               "$(inherited)"
            );
            SWIFT_VERSION = "4.2";
            TARGET_NAME = "PMKAlamofire";
         };
         name = "Debug";
      };
      "OBJ_128" = {
         isa = "XCBuildConfiguration";
         buildSettings = {
            ENABLE_TESTABILITY = "YES";
            FRAMEWORK_SEARCH_PATHS = (
               "$(inherited)",
               "$(PLATFORM_DIR)/Developer/Library/Frameworks"
            );
            HEADER_SEARCH_PATHS = (
               "$(inherited)"
            );
            INFOPLIST_FILE = "SoundCloudKit.xcodeproj/PMKAlamofire_Info.plist";
            LD_RUNPATH_SEARCH_PATHS = (
               "$(inherited)",
               "$(TOOLCHAIN_DIR)/usr/lib/swift/macosx"
            );
            OTHER_CFLAGS = (
               "$(inherited)"
            );
            OTHER_LDFLAGS = (
               "$(inherited)"
            );
            OTHER_SWIFT_FLAGS = (
               "$(inherited)"
            );
            PRODUCT_BUNDLE_IDENTIFIER = "PMKAlamofire";
            PRODUCT_MODULE_NAME = "$(TARGET_NAME:c99extidentifier)";
            PRODUCT_NAME = "$(TARGET_NAME:c99extidentifier)";
            SKIP_INSTALL = "YES";
            SWIFT_ACTIVE_COMPILATION_CONDITIONS = (
               "$(inherited)"
            );
            SWIFT_VERSION = "4.2";
            TARGET_NAME = "PMKAlamofire";
         };
         name = "Release";
      };
      "OBJ_129" = {
         isa = "PBXSourcesBuildPhase";
         files = (
            "OBJ_130"
         );
      };
      "OBJ_13" = {
         isa = "PBXFileReference";
         path = "APIClient.swift";
         sourceTree = "<group>";
      };
      "OBJ_130" = {
         isa = "PBXBuildFile";
         fileRef = "OBJ_36";
      };
      "OBJ_131" = {
         isa = "PBXFrameworksBuildPhase";
         files = (
            "OBJ_132",
            "OBJ_133"
         );
      };
      "OBJ_132" = {
         isa = "PBXBuildFile";
         fileRef = "Alamofire::Alamofire::Product";
      };
      "OBJ_133" = {
         isa = "PBXBuildFile";
         fileRef = "PromiseKit::PromiseKit::Product";
      };
      "OBJ_134" = {
         isa = "PBXTargetDependency";
         target = "Alamofire::Alamofire";
      };
      "OBJ_135" = {
         isa = "PBXTargetDependency";
         target = "PromiseKit::PromiseKit";
      };
      "OBJ_138" = {
         isa = "XCConfigurationList";
         buildConfigurations = (
            "OBJ_139",
            "OBJ_140"
         );
         defaultConfigurationIsVisible = "0";
         defaultConfigurationName = "Release";
      };
      "OBJ_139" = {
         isa = "XCBuildConfiguration";
         buildSettings = {
            LD = "/usr/bin/true";
            OTHER_SWIFT_FLAGS = (
               "-swift-version",
               "4.2",
               "-I",
               "$(TOOLCHAIN_DIR)/usr/lib/swift/pm/4_2",
               "-target",
               "x86_64-apple-macosx10.10",
               "-sdk",
               "/Applications/Xcode.app/Contents/Developer/Platforms/MacOSX.platform/Developer/SDKs/MacOSX10.15.sdk",
               "-package-description-version",
               "4.2"
            );
            SWIFT_VERSION = "4.2";
         };
         name = "Debug";
      };
      "OBJ_14" = {
         isa = "PBXGroup";
         children = (
            "OBJ_15"
         );
         name = "Ext";
         path = "Ext";
         sourceTree = "<group>";
      };
      "OBJ_140" = {
         isa = "XCBuildConfiguration";
         buildSettings = {
            LD = "/usr/bin/true";
            OTHER_SWIFT_FLAGS = (
               "-swift-version",
               "4.2",
               "-I",
               "$(TOOLCHAIN_DIR)/usr/lib/swift/pm/4_2",
               "-target",
               "x86_64-apple-macosx10.10",
               "-sdk",
               "/Applications/Xcode.app/Contents/Developer/Platforms/MacOSX.platform/Developer/SDKs/MacOSX10.15.sdk",
               "-package-description-version",
               "4.2"
            );
            SWIFT_VERSION = "4.2";
         };
         name = "Release";
      };
      "OBJ_141" = {
         isa = "PBXSourcesBuildPhase";
         files = (
            "OBJ_142"
         );
      };
      "OBJ_142" = {
         isa = "PBXBuildFile";
         fileRef = "OBJ_35";
      };
      "OBJ_143" = {
         isa = "XCConfigurationList";
         buildConfigurations = (
            "OBJ_144",
            "OBJ_145"
         );
         defaultConfigurationIsVisible = "0";
         defaultConfigurationName = "Release";
      };
      "OBJ_144" = {
         isa = "XCBuildConfiguration";
         buildSettings = {
            ENABLE_TESTABILITY = "YES";
            FRAMEWORK_SEARCH_PATHS = (
               "$(inherited)",
               "$(PLATFORM_DIR)/Developer/Library/Frameworks"
            );
            HEADER_SEARCH_PATHS = (
               "$(inherited)"
            );
            INFOPLIST_FILE = "SoundCloudKit.xcodeproj/PromiseKit_Info.plist";
            IPHONEOS_DEPLOYMENT_TARGET = "8.0";
            LD_RUNPATH_SEARCH_PATHS = (
               "$(inherited)",
               "$(TOOLCHAIN_DIR)/usr/lib/swift/macosx"
            );
            MACOSX_DEPLOYMENT_TARGET = "10.10";
            OTHER_CFLAGS = (
               "$(inherited)"
            );
            OTHER_LDFLAGS = (
               "$(inherited)"
            );
            OTHER_SWIFT_FLAGS = (
               "$(inherited)"
            );
            PRODUCT_BUNDLE_IDENTIFIER = "PromiseKit";
            PRODUCT_MODULE_NAME = "$(TARGET_NAME:c99extidentifier)";
            PRODUCT_NAME = "$(TARGET_NAME:c99extidentifier)";
            SKIP_INSTALL = "YES";
            SWIFT_ACTIVE_COMPILATION_CONDITIONS = (
               "$(inherited)"
            );
            SWIFT_VERSION = "5.0";
            TARGET_NAME = "PromiseKit";
            TVOS_DEPLOYMENT_TARGET = "9.0";
            WATCHOS_DEPLOYMENT_TARGET = "2.0";
         };
         name = "Debug";
      };
      "OBJ_145" = {
         isa = "XCBuildConfiguration";
         buildSettings = {
            ENABLE_TESTABILITY = "YES";
            FRAMEWORK_SEARCH_PATHS = (
               "$(inherited)",
               "$(PLATFORM_DIR)/Developer/Library/Frameworks"
            );
            HEADER_SEARCH_PATHS = (
               "$(inherited)"
            );
            INFOPLIST_FILE = "SoundCloudKit.xcodeproj/PromiseKit_Info.plist";
            IPHONEOS_DEPLOYMENT_TARGET = "8.0";
            LD_RUNPATH_SEARCH_PATHS = (
               "$(inherited)",
               "$(TOOLCHAIN_DIR)/usr/lib/swift/macosx"
            );
            MACOSX_DEPLOYMENT_TARGET = "10.10";
            OTHER_CFLAGS = (
               "$(inherited)"
            );
            OTHER_LDFLAGS = (
               "$(inherited)"
            );
            OTHER_SWIFT_FLAGS = (
               "$(inherited)"
            );
            PRODUCT_BUNDLE_IDENTIFIER = "PromiseKit";
            PRODUCT_MODULE_NAME = "$(TARGET_NAME:c99extidentifier)";
            PRODUCT_NAME = "$(TARGET_NAME:c99extidentifier)";
            SKIP_INSTALL = "YES";
            SWIFT_ACTIVE_COMPILATION_CONDITIONS = (
               "$(inherited)"
            );
            SWIFT_VERSION = "5.0";
            TARGET_NAME = "PromiseKit";
            TVOS_DEPLOYMENT_TARGET = "9.0";
            WATCHOS_DEPLOYMENT_TARGET = "2.0";
         };
         name = "Release";
      };
      "OBJ_146" = {
         isa = "PBXSourcesBuildPhase";
         files = (
            "OBJ_147",
            "OBJ_148",
            "OBJ_149",
            "OBJ_150",
            "OBJ_151",
            "OBJ_152",
            "OBJ_153",
            "OBJ_154",
            "OBJ_155",
            "OBJ_156",
            "OBJ_157",
            "OBJ_158",
            "OBJ_159",
            "OBJ_160",
            "OBJ_161"
         );
      };
      "OBJ_147" = {
         isa = "PBXBuildFile";
         fileRef = "OBJ_39";
      };
      "OBJ_148" = {
         isa = "PBXBuildFile";
         fileRef = "OBJ_40";
      };
      "OBJ_149" = {
         isa = "PBXBuildFile";
         fileRef = "OBJ_41";
      };
      "OBJ_15" = {
         isa = "PBXFileReference";
         path = "String+URL.swift";
         sourceTree = "<group>";
      };
      "OBJ_150" = {
         isa = "PBXBuildFile";
         fileRef = "OBJ_42";
      };
      "OBJ_151" = {
         isa = "PBXBuildFile";
         fileRef = "OBJ_43";
      };
      "OBJ_152" = {
         isa = "PBXBuildFile";
         fileRef = "OBJ_44";
      };
      "OBJ_153" = {
         isa = "PBXBuildFile";
         fileRef = "OBJ_45";
      };
      "OBJ_154" = {
         isa = "PBXBuildFile";
         fileRef = "OBJ_46";
      };
      "OBJ_155" = {
         isa = "PBXBuildFile";
         fileRef = "OBJ_47";
      };
      "OBJ_156" = {
         isa = "PBXBuildFile";
         fileRef = "OBJ_48";
      };
      "OBJ_157" = {
         isa = "PBXBuildFile";
         fileRef = "OBJ_49";
      };
      "OBJ_158" = {
         isa = "PBXBuildFile";
         fileRef = "OBJ_50";
      };
      "OBJ_159" = {
         isa = "PBXBuildFile";
         fileRef = "OBJ_51";
      };
      "OBJ_16" = {
         isa = "PBXGroup";
         children = (
            "OBJ_17",
            "OBJ_18",
            "OBJ_19",
            "OBJ_20",
            "OBJ_21",
            "OBJ_22",
            "OBJ_23",
            "OBJ_24"
         );
         name = "Models";
         path = "Models";
         sourceTree = "<group>";
      };
      "OBJ_160" = {
         isa = "PBXBuildFile";
         fileRef = "OBJ_52";
      };
      "OBJ_161" = {
         isa = "PBXBuildFile";
         fileRef = "OBJ_53";
      };
      "OBJ_162" = {
         isa = "PBXFrameworksBuildPhase";
         files = (
         );
      };
      "OBJ_164" = {
         isa = "XCConfigurationList";
         buildConfigurations = (
            "OBJ_165",
            "OBJ_166"
         );
         defaultConfigurationIsVisible = "0";
         defaultConfigurationName = "Release";
      };
      "OBJ_165" = {
         isa = "XCBuildConfiguration";
         buildSettings = {
            LD = "/usr/bin/true";
            OTHER_SWIFT_FLAGS = (
               "-swift-version",
               "5",
               "-I",
               "$(TOOLCHAIN_DIR)/usr/lib/swift/pm/4_2",
               "-target",
               "x86_64-apple-macosx10.10",
               "-sdk",
               "/Applications/Xcode.app/Contents/Developer/Platforms/MacOSX.platform/Developer/SDKs/MacOSX10.15.sdk",
               "-package-description-version",
               "5"
            );
            SWIFT_VERSION = "5.0";
         };
         name = "Debug";
      };
      "OBJ_166" = {
         isa = "XCBuildConfiguration";
         buildSettings = {
            LD = "/usr/bin/true";
            OTHER_SWIFT_FLAGS = (
               "-swift-version",
               "5",
               "-I",
               "$(TOOLCHAIN_DIR)/usr/lib/swift/pm/4_2",
               "-target",
               "x86_64-apple-macosx10.10",
               "-sdk",
               "/Applications/Xcode.app/Contents/Developer/Platforms/MacOSX.platform/Developer/SDKs/MacOSX10.15.sdk",
               "-package-description-version",
               "5"
            );
            SWIFT_VERSION = "5.0";
         };
         name = "Release";
      };
      "OBJ_167" = {
         isa = "PBXSourcesBuildPhase";
         files = (
            "OBJ_168"
         );
      };
      "OBJ_168" = {
         isa = "PBXBuildFile";
         fileRef = "OBJ_38";
      };
      "OBJ_17" = {
         isa = "PBXFileReference";
         path = "Activity.swift";
         sourceTree = "<group>";
      };
      "OBJ_170" = {
         isa = "XCConfigurationList";
         buildConfigurations = (
            "OBJ_171",
            "OBJ_172"
         );
         defaultConfigurationIsVisible = "0";
         defaultConfigurationName = "Release";
      };
      "OBJ_171" = {
         isa = "XCBuildConfiguration";
         buildSettings = {
            ENABLE_TESTABILITY = "YES";
            FRAMEWORK_SEARCH_PATHS = (
               "$(inherited)",
               "$(PLATFORM_DIR)/Developer/Library/Frameworks"
            );
            HEADER_SEARCH_PATHS = (
               "$(inherited)"
            );
            INFOPLIST_FILE = "SoundCloudKit.xcodeproj/SoundCloudKit_Info.plist";
            IPHONEOS_DEPLOYMENT_TARGET = "12.0";
            LD_RUNPATH_SEARCH_PATHS = (
               "$(inherited)",
               "$(TOOLCHAIN_DIR)/usr/lib/swift/macosx"
            );
            MACOSX_DEPLOYMENT_TARGET = "10.10";
            OTHER_CFLAGS = (
               "$(inherited)"
            );
            OTHER_LDFLAGS = (
               "$(inherited)"
            );
            OTHER_SWIFT_FLAGS = (
               "$(inherited)"
            );
            PRODUCT_BUNDLE_IDENTIFIER = "SoundCloudKit";
            PRODUCT_MODULE_NAME = "$(TARGET_NAME:c99extidentifier)";
            PRODUCT_NAME = "$(TARGET_NAME:c99extidentifier)";
            SKIP_INSTALL = "YES";
            SWIFT_ACTIVE_COMPILATION_CONDITIONS = (
               "$(inherited)"
            );
            SWIFT_VERSION = "5.0";
            TARGET_NAME = "SoundCloudKit";
            TVOS_DEPLOYMENT_TARGET = "9.0";
            WATCHOS_DEPLOYMENT_TARGET = "2.0";
         };
         name = "Debug";
      };
      "OBJ_172" = {
         isa = "XCBuildConfiguration";
         buildSettings = {
            ENABLE_TESTABILITY = "YES";
            FRAMEWORK_SEARCH_PATHS = (
               "$(inherited)",
               "$(PLATFORM_DIR)/Developer/Library/Frameworks"
            );
            HEADER_SEARCH_PATHS = (
               "$(inherited)"
            );
            INFOPLIST_FILE = "SoundCloudKit.xcodeproj/SoundCloudKit_Info.plist";
            IPHONEOS_DEPLOYMENT_TARGET = "12.0";
            LD_RUNPATH_SEARCH_PATHS = (
               "$(inherited)",
               "$(TOOLCHAIN_DIR)/usr/lib/swift/macosx"
            );
            MACOSX_DEPLOYMENT_TARGET = "10.10";
            OTHER_CFLAGS = (
               "$(inherited)"
            );
            OTHER_LDFLAGS = (
               "$(inherited)"
            );
            OTHER_SWIFT_FLAGS = (
               "$(inherited)"
            );
            PRODUCT_BUNDLE_IDENTIFIER = "SoundCloudKit";
            PRODUCT_MODULE_NAME = "$(TARGET_NAME:c99extidentifier)";
            PRODUCT_NAME = "$(TARGET_NAME:c99extidentifier)";
            SKIP_INSTALL = "YES";
            SWIFT_ACTIVE_COMPILATION_CONDITIONS = (
               "$(inherited)"
            );
            SWIFT_VERSION = "5.0";
            TARGET_NAME = "SoundCloudKit";
            TVOS_DEPLOYMENT_TARGET = "9.0";
            WATCHOS_DEPLOYMENT_TARGET = "2.0";
         };
         name = "Release";
      };
      "OBJ_173" = {
         isa = "PBXSourcesBuildPhase";
         files = (
            "OBJ_174",
            "OBJ_175",
            "OBJ_176",
            "OBJ_177",
            "OBJ_178",
            "OBJ_179",
            "OBJ_180",
            "OBJ_181",
            "OBJ_182",
            "OBJ_183",
            "OBJ_184",
            "OBJ_185",
            "OBJ_186",
            "OBJ_187"
         );
      };
      "OBJ_174" = {
         isa = "PBXBuildFile";
         fileRef = "OBJ_10";
      };
      "OBJ_175" = {
         isa = "PBXBuildFile";
         fileRef = "OBJ_11";
      };
      "OBJ_176" = {
         isa = "PBXBuildFile";
         fileRef = "OBJ_12";
      };
      "OBJ_177" = {
         isa = "PBXBuildFile";
         fileRef = "OBJ_13";
      };
      "OBJ_178" = {
         isa = "PBXBuildFile";
         fileRef = "OBJ_15";
      };
      "OBJ_179" = {
         isa = "PBXBuildFile";
         fileRef = "OBJ_17";
      };
      "OBJ_18" = {
         isa = "PBXFileReference";
         path = "ActivityList.swift";
         sourceTree = "<group>";
      };
      "OBJ_180" = {
         isa = "PBXBuildFile";
         fileRef = "OBJ_18";
      };
      "OBJ_181" = {
         isa = "PBXBuildFile";
         fileRef = "OBJ_19";
      };
      "OBJ_182" = {
         isa = "PBXBuildFile";
         fileRef = "OBJ_20";
      };
      "OBJ_183" = {
         isa = "PBXBuildFile";
         fileRef = "OBJ_21";
      };
      "OBJ_184" = {
         isa = "PBXBuildFile";
         fileRef = "OBJ_22";
      };
      "OBJ_185" = {
         isa = "PBXBuildFile";
         fileRef = "OBJ_23";
      };
      "OBJ_186" = {
         isa = "PBXBuildFile";
         fileRef = "OBJ_24";
      };
      "OBJ_187" = {
         isa = "PBXBuildFile";
         fileRef = "OBJ_26";
      };
      "OBJ_188" = {
         isa = "PBXFrameworksBuildPhase";
         files = (
            "OBJ_189",
            "OBJ_190",
            "OBJ_191",
            "OBJ_192"
         );
      };
      "OBJ_189" = {
         isa = "PBXBuildFile";
         fileRef = "ASWaveformPlayerView::ASWaveformPlayerView::Product";
      };
      "OBJ_19" = {
         isa = "PBXFileReference";
         path = "ActivityType.swift";
         sourceTree = "<group>";
      };
      "OBJ_190" = {
         isa = "PBXBuildFile";
         fileRef = "PMKAlamofire::PMKAlamofire::Product";
      };
      "OBJ_191" = {
         isa = "PBXBuildFile";
         fileRef = "Alamofire::Alamofire::Product";
      };
      "OBJ_192" = {
         isa = "PBXBuildFile";
         fileRef = "PromiseKit::PromiseKit::Product";
      };
      "OBJ_193" = {
         isa = "PBXTargetDependency";
         target = "ASWaveformPlayerView::ASWaveformPlayerView";
      };
      "OBJ_194" = {
         isa = "PBXTargetDependency";
         target = "PMKAlamofire::PMKAlamofire";
      };
      "OBJ_195" = {
         isa = "PBXTargetDependency";
         target = "Alamofire::Alamofire";
      };
      "OBJ_196" = {
         isa = "PBXTargetDependency";
         target = "PromiseKit::PromiseKit";
      };
      "OBJ_198" = {
         isa = "XCConfigurationList";
         buildConfigurations = (
            "OBJ_199",
            "OBJ_200"
         );
         defaultConfigurationIsVisible = "0";
         defaultConfigurationName = "Release";
      };
      "OBJ_199" = {
         isa = "XCBuildConfiguration";
         buildSettings = {
            LD = "/usr/bin/true";
            OTHER_SWIFT_FLAGS = (
               "-swift-version",
               "5",
               "-I",
               "$(TOOLCHAIN_DIR)/usr/lib/swift/pm/4_2",
               "-target",
               "x86_64-apple-macosx10.10",
               "-sdk",
               "/Applications/Xcode.app/Contents/Developer/Platforms/MacOSX.platform/Developer/SDKs/MacOSX10.15.sdk",
               "-package-description-version",
               "5.1"
            );
            SWIFT_VERSION = "5.0";
         };
         name = "Debug";
      };
      "OBJ_2" = {
         isa = "XCConfigurationList";
         buildConfigurations = (
            "OBJ_3",
            "OBJ_4"
         );
         defaultConfigurationIsVisible = "0";
         defaultConfigurationName = "Release";
      };
      "OBJ_20" = {
         isa = "PBXFileReference";
         path = "App.swift";
         sourceTree = "<group>";
      };
      "OBJ_200" = {
         isa = "XCBuildConfiguration";
         buildSettings = {
            LD = "/usr/bin/true";
            OTHER_SWIFT_FLAGS = (
               "-swift-version",
               "5",
               "-I",
               "$(TOOLCHAIN_DIR)/usr/lib/swift/pm/4_2",
               "-target",
               "x86_64-apple-macosx10.10",
               "-sdk",
               "/Applications/Xcode.app/Contents/Developer/Platforms/MacOSX.platform/Developer/SDKs/MacOSX10.15.sdk",
               "-package-description-version",
               "5.1"
            );
            SWIFT_VERSION = "5.0";
         };
         name = "Release";
      };
      "OBJ_201" = {
         isa = "PBXSourcesBuildPhase";
         files = (
            "OBJ_202"
         );
      };
      "OBJ_202" = {
         isa = "PBXBuildFile";
         fileRef = "OBJ_6";
      };
      "OBJ_21" = {
         isa = "PBXFileReference";
         path = "Comment.swift";
         sourceTree = "<group>";
      };
      "OBJ_22" = {
         isa = "PBXFileReference";
         path = "Playlist.swift";
         sourceTree = "<group>";
      };
      "OBJ_23" = {
         isa = "PBXFileReference";
         path = "Track.swift";
         sourceTree = "<group>";
      };
      "OBJ_24" = {
         isa = "PBXFileReference";
         path = "User.swift";
         sourceTree = "<group>";
      };
      "OBJ_25" = {
         isa = "PBXGroup";
         children = (
            "OBJ_26"
         );
         name = "PlayerVC";
         path = "PlayerVC";
         sourceTree = "<group>";
      };
      "OBJ_26" = {
         isa = "PBXFileReference";
         path = "PlayerVC.swift";
         sourceTree = "<group>";
      };
      "OBJ_27" = {
         isa = "PBXGroup";
         children = (
         );
         name = "Tests";
         path = "";
         sourceTree = "SOURCE_ROOT";
      };
      "OBJ_28" = {
         isa = "PBXGroup";
         children = (
            "OBJ_29",
            "OBJ_34",
            "OBJ_37",
            "OBJ_54"
         );
         name = "Dependencies";
         path = "";
         sourceTree = "<group>";
      };
      "OBJ_29" = {
         isa = "PBXGroup";
         children = (
            "OBJ_30",
            "OBJ_33"
         );
         name = "ASWaveformPlayerView 0.1.4";
         path = "";
         sourceTree = "SOURCE_ROOT";
      };
      "OBJ_3" = {
         isa = "XCBuildConfiguration";
         buildSettings = {
            CLANG_ENABLE_OBJC_ARC = "YES";
            COMBINE_HIDPI_IMAGES = "YES";
            COPY_PHASE_STRIP = "NO";
            DEBUG_INFORMATION_FORMAT = "dwarf";
            DYLIB_INSTALL_NAME_BASE = "@rpath";
            ENABLE_NS_ASSERTIONS = "YES";
            GCC_OPTIMIZATION_LEVEL = "0";
            GCC_PREPROCESSOR_DEFINITIONS = (
               "$(inherited)",
               "SWIFT_PACKAGE=1",
               "DEBUG=1"
            );
            MACOSX_DEPLOYMENT_TARGET = "10.10";
            ONLY_ACTIVE_ARCH = "YES";
            OTHER_SWIFT_FLAGS = (
               "$(inherited)",
               "-DXcode"
            );
            PRODUCT_NAME = "$(TARGET_NAME)";
            SDKROOT = "macosx";
            SUPPORTED_PLATFORMS = (
               "macosx",
               "iphoneos",
               "iphonesimulator",
               "appletvos",
               "appletvsimulator",
               "watchos",
               "watchsimulator"
            );
            SWIFT_ACTIVE_COMPILATION_CONDITIONS = (
               "$(inherited)",
               "SWIFT_PACKAGE",
               "DEBUG"
            );
            SWIFT_OPTIMIZATION_LEVEL = "-Onone";
            USE_HEADERMAP = "NO";
         };
         name = "Debug";
      };
      "OBJ_30" = {
         isa = "PBXGroup";
         children = (
            "OBJ_31",
            "OBJ_32"
         );
         name = "ASWaveformPlayerView";
         path = ".build/checkouts/ASWaveformPlayerView/Sources/ASWaveformPlayerView";
         sourceTree = "SOURCE_ROOT";
      };
      "OBJ_31" = {
         isa = "PBXFileReference";
         path = "ASWaveformPlayerView.swift";
         sourceTree = "<group>";
      };
      "OBJ_32" = {
         isa = "PBXFileReference";
         path = "AudioAnalyser.swift";
         sourceTree = "<group>";
      };
      "OBJ_33" = {
         isa = "PBXFileReference";
         explicitFileType = "sourcecode.swift";
         name = "Package.swift";
         path = "/Users/bretsko/Projects/SoundCloudKit/.build/checkouts/ASWaveformPlayerView/Package.swift";
         sourceTree = "<group>";
      };
      "OBJ_34" = {
         isa = "PBXGroup";
         children = (
            "OBJ_35",
            "OBJ_36"
         );
         name = "PMKAlamofire 3.2.4";
         path = ".build/checkouts/PMKAlamofire/Sources";
         sourceTree = "SOURCE_ROOT";
      };
      "OBJ_35" = {
         isa = "PBXFileReference";
         explicitFileType = "sourcecode.swift";
         name = "Package.swift";
         path = "/Users/bretsko/Projects/SoundCloudKit/.build/checkouts/PMKAlamofire/Package.swift";
         sourceTree = "<group>";
      };
      "OBJ_36" = {
         isa = "PBXFileReference";
         path = "Alamofire+Promise.swift";
         sourceTree = "<group>";
      };
      "OBJ_37" = {
         isa = "PBXGroup";
         children = (
            "OBJ_38",
            "OBJ_39",
            "OBJ_40",
            "OBJ_41",
            "OBJ_42",
            "OBJ_43",
            "OBJ_44",
            "OBJ_45",
            "OBJ_46",
            "OBJ_47",
            "OBJ_48",
            "OBJ_49",
            "OBJ_50",
            "OBJ_51",
            "OBJ_52",
            "OBJ_53"
         );
         name = "PromiseKit 6.11.0";
         path = ".build/checkouts/PromiseKit/Sources";
         sourceTree = "SOURCE_ROOT";
      };
      "OBJ_38" = {
         isa = "PBXFileReference";
         explicitFileType = "sourcecode.swift";
         name = "Package.swift";
         path = "/Users/bretsko/Projects/SoundCloudKit/.build/checkouts/PromiseKit/Package.swift";
         sourceTree = "<group>";
      };
      "OBJ_39" = {
         isa = "PBXFileReference";
         path = "Box.swift";
         sourceTree = "<group>";
      };
      "OBJ_4" = {
         isa = "XCBuildConfiguration";
         buildSettings = {
            CLANG_ENABLE_OBJC_ARC = "YES";
            COMBINE_HIDPI_IMAGES = "YES";
            COPY_PHASE_STRIP = "YES";
            DEBUG_INFORMATION_FORMAT = "dwarf-with-dsym";
            DYLIB_INSTALL_NAME_BASE = "@rpath";
            GCC_OPTIMIZATION_LEVEL = "s";
            GCC_PREPROCESSOR_DEFINITIONS = (
               "$(inherited)",
               "SWIFT_PACKAGE=1"
            );
            MACOSX_DEPLOYMENT_TARGET = "10.10";
            OTHER_SWIFT_FLAGS = (
               "$(inherited)",
               "-DXcode"
            );
            PRODUCT_NAME = "$(TARGET_NAME)";
            SDKROOT = "macosx";
            SUPPORTED_PLATFORMS = (
               "macosx",
               "iphoneos",
               "iphonesimulator",
               "appletvos",
               "appletvsimulator",
               "watchos",
               "watchsimulator"
            );
            SWIFT_ACTIVE_COMPILATION_CONDITIONS = (
               "$(inherited)",
               "SWIFT_PACKAGE"
            );
            SWIFT_OPTIMIZATION_LEVEL = "-Owholemodule";
            USE_HEADERMAP = "NO";
         };
         name = "Release";
      };
      "OBJ_40" = {
         isa = "PBXFileReference";
         path = "Catchable.swift";
         sourceTree = "<group>";
      };
      "OBJ_41" = {
         isa = "PBXFileReference";
         path = "Configuration.swift";
         sourceTree = "<group>";
      };
      "OBJ_42" = {
         isa = "PBXFileReference";
         path = "CustomStringConvertible.swift";
         sourceTree = "<group>";
      };
      "OBJ_43" = {
         isa = "PBXFileReference";
         path = "Error.swift";
         sourceTree = "<group>";
      };
      "OBJ_44" = {
         isa = "PBXFileReference";
         path = "Guarantee.swift";
         sourceTree = "<group>";
      };
      "OBJ_45" = {
         isa = "PBXFileReference";
         path = "LogEvent.swift";
         sourceTree = "<group>";
      };
      "OBJ_46" = {
         isa = "PBXFileReference";
         path = "Promise.swift";
         sourceTree = "<group>";
      };
      "OBJ_47" = {
         isa = "PBXFileReference";
         path = "Resolver.swift";
         sourceTree = "<group>";
      };
      "OBJ_48" = {
         isa = "PBXFileReference";
         path = "Thenable.swift";
         sourceTree = "<group>";
      };
      "OBJ_49" = {
         isa = "PBXFileReference";
         path = "after.swift";
         sourceTree = "<group>";
      };
      "OBJ_5" = {
         isa = "PBXGroup";
         children = (
            "OBJ_6",
            "OBJ_7",
            "OBJ_27",
            "OBJ_28",
            "OBJ_73",
            "OBJ_79",
            "OBJ_80",
            "OBJ_81"
         );
         path = "";
         sourceTree = "<group>";
      };
      "OBJ_50" = {
         isa = "PBXFileReference";
         path = "firstly.swift";
         sourceTree = "<group>";
      };
      "OBJ_51" = {
         isa = "PBXFileReference";
         path = "hang.swift";
         sourceTree = "<group>";
      };
      "OBJ_52" = {
         isa = "PBXFileReference";
         path = "race.swift";
         sourceTree = "<group>";
      };
      "OBJ_53" = {
         isa = "PBXFileReference";
         path = "when.swift";
         sourceTree = "<group>";
      };
      "OBJ_54" = {
         isa = "PBXGroup";
         children = (
            "OBJ_55",
            "OBJ_56",
            "OBJ_57",
            "OBJ_58",
            "OBJ_59",
            "OBJ_60",
            "OBJ_61",
            "OBJ_62",
            "OBJ_63",
            "OBJ_64",
            "OBJ_65",
            "OBJ_66",
            "OBJ_67",
            "OBJ_68",
            "OBJ_69",
            "OBJ_70",
            "OBJ_71",
            "OBJ_72"
         );
         name = "Alamofire 4.8.2";
         path = ".build/checkouts/Alamofire/Source";
         sourceTree = "SOURCE_ROOT";
      };
      "OBJ_55" = {
         isa = "PBXFileReference";
         explicitFileType = "sourcecode.swift";
         name = "Package.swift";
         path = "/Users/bretsko/Projects/SoundCloudKit/.build/checkouts/Alamofire/Package.swift";
         sourceTree = "<group>";
      };
      "OBJ_56" = {
         isa = "PBXFileReference";
         path = "AFError.swift";
         sourceTree = "<group>";
      };
      "OBJ_57" = {
         isa = "PBXFileReference";
         path = "Alamofire.swift";
         sourceTree = "<group>";
      };
      "OBJ_58" = {
         isa = "PBXFileReference";
         path = "DispatchQueue+Alamofire.swift";
         sourceTree = "<group>";
      };
      "OBJ_59" = {
         isa = "PBXFileReference";
         path = "MultipartFormData.swift";
         sourceTree = "<group>";
      };
      "OBJ_6" = {
         isa = "PBXFileReference";
         explicitFileType = "sourcecode.swift";
         path = "Package.swift";
         sourceTree = "<group>";
      };
      "OBJ_60" = {
         isa = "PBXFileReference";
         path = "NetworkReachabilityManager.swift";
         sourceTree = "<group>";
      };
      "OBJ_61" = {
         isa = "PBXFileReference";
         path = "Notifications.swift";
         sourceTree = "<group>";
      };
      "OBJ_62" = {
         isa = "PBXFileReference";
         path = "ParameterEncoding.swift";
         sourceTree = "<group>";
      };
      "OBJ_63" = {
         isa = "PBXFileReference";
         path = "Request.swift";
         sourceTree = "<group>";
      };
      "OBJ_64" = {
         isa = "PBXFileReference";
         path = "Response.swift";
         sourceTree = "<group>";
      };
      "OBJ_65" = {
         isa = "PBXFileReference";
         path = "ResponseSerialization.swift";
         sourceTree = "<group>";
      };
      "OBJ_66" = {
         isa = "PBXFileReference";
         path = "Result.swift";
         sourceTree = "<group>";
      };
      "OBJ_67" = {
         isa = "PBXFileReference";
         path = "ServerTrustPolicy.swift";
         sourceTree = "<group>";
      };
      "OBJ_68" = {
         isa = "PBXFileReference";
         path = "SessionDelegate.swift";
         sourceTree = "<group>";
      };
      "OBJ_69" = {
         isa = "PBXFileReference";
         path = "SessionManager.swift";
         sourceTree = "<group>";
      };
      "OBJ_7" = {
         isa = "PBXGroup";
         children = (
            "OBJ_8"
         );
         name = "Sources";
         path = "";
         sourceTree = "SOURCE_ROOT";
      };
      "OBJ_70" = {
         isa = "PBXFileReference";
         path = "TaskDelegate.swift";
         sourceTree = "<group>";
      };
      "OBJ_71" = {
         isa = "PBXFileReference";
         path = "Timeline.swift";
         sourceTree = "<group>";
      };
      "OBJ_72" = {
         isa = "PBXFileReference";
         path = "Validation.swift";
         sourceTree = "<group>";
      };
      "OBJ_73" = {
         isa = "PBXGroup";
         children = (
            "Alamofire::Alamofire::Product",
            "PMKAlamofire::PMKAlamofire::Product",
            "ASWaveformPlayerView::ASWaveformPlayerView::Product",
            "SoundCloudKit::SoundCloudKit::Product",
            "PromiseKit::PromiseKit::Product"
         );
         name = "Products";
         path = "";
         sourceTree = "BUILT_PRODUCTS_DIR";
      };
      "OBJ_79" = {
         isa = "PBXFileReference";
         path = "Fixture";
         sourceTree = "SOURCE_ROOT";
      };
      "OBJ_8" = {
         isa = "PBXGroup";
         children = (
            "OBJ_9",
            "OBJ_14",
            "OBJ_16",
            "OBJ_25"
         );
         name = "SoundCloudKit";
         path = "Sources/SoundCloudKit";
         sourceTree = "SOURCE_ROOT";
      };
      "OBJ_80" = {
         isa = "PBXFileReference";
         path = "Example";
         sourceTree = "SOURCE_ROOT";
      };
      "OBJ_81" = {
         isa = "PBXFileReference";
         path = "README.md";
         sourceTree = "<group>";
      };
      "OBJ_83" = {
         isa = "XCConfigurationList";
         buildConfigurations = (
            "OBJ_84",
            "OBJ_85"
         );
         defaultConfigurationIsVisible = "0";
         defaultConfigurationName = "Release";
      };
      "OBJ_84" = {
         isa = "XCBuildConfiguration";
         buildSettings = {
            ENABLE_TESTABILITY = "YES";
            FRAMEWORK_SEARCH_PATHS = (
               "$(inherited)",
               "$(PLATFORM_DIR)/Developer/Library/Frameworks"
            );
            HEADER_SEARCH_PATHS = (
               "$(inherited)"
            );
            INFOPLIST_FILE = "SoundCloudKit.xcodeproj/ASWaveformPlayerView_Info.plist";
            IPHONEOS_DEPLOYMENT_TARGET = "10.0";
            LD_RUNPATH_SEARCH_PATHS = (
               "$(inherited)",
               "$(TOOLCHAIN_DIR)/usr/lib/swift/macosx"
            );
            MACOSX_DEPLOYMENT_TARGET = "10.10";
            OTHER_CFLAGS = (
               "$(inherited)"
            );
            OTHER_LDFLAGS = (
               "$(inherited)"
            );
            OTHER_SWIFT_FLAGS = (
               "$(inherited)"
            );
            PRODUCT_BUNDLE_IDENTIFIER = "ASWaveformPlayerView";
            PRODUCT_MODULE_NAME = "$(TARGET_NAME:c99extidentifier)";
            PRODUCT_NAME = "$(TARGET_NAME:c99extidentifier)";
            SKIP_INSTALL = "YES";
            SWIFT_ACTIVE_COMPILATION_CONDITIONS = (
               "$(inherited)"
            );
            SWIFT_VERSION = "5.0";
            TARGET_NAME = "ASWaveformPlayerView";
            TVOS_DEPLOYMENT_TARGET = "9.0";
            WATCHOS_DEPLOYMENT_TARGET = "2.0";
         };
         name = "Debug";
      };
      "OBJ_85" = {
         isa = "XCBuildConfiguration";
         buildSettings = {
            ENABLE_TESTABILITY = "YES";
            FRAMEWORK_SEARCH_PATHS = (
               "$(inherited)",
               "$(PLATFORM_DIR)/Developer/Library/Frameworks"
            );
            HEADER_SEARCH_PATHS = (
               "$(inherited)"
            );
            INFOPLIST_FILE = "SoundCloudKit.xcodeproj/ASWaveformPlayerView_Info.plist";
            IPHONEOS_DEPLOYMENT_TARGET = "10.0";
            LD_RUNPATH_SEARCH_PATHS = (
               "$(inherited)",
               "$(TOOLCHAIN_DIR)/usr/lib/swift/macosx"
            );
            MACOSX_DEPLOYMENT_TARGET = "10.10";
            OTHER_CFLAGS = (
               "$(inherited)"
            );
            OTHER_LDFLAGS = (
               "$(inherited)"
            );
            OTHER_SWIFT_FLAGS = (
               "$(inherited)"
            );
            PRODUCT_BUNDLE_IDENTIFIER = "ASWaveformPlayerView";
            PRODUCT_MODULE_NAME = "$(TARGET_NAME:c99extidentifier)";
            PRODUCT_NAME = "$(TARGET_NAME:c99extidentifier)";
            SKIP_INSTALL = "YES";
            SWIFT_ACTIVE_COMPILATION_CONDITIONS = (
               "$(inherited)"
            );
            SWIFT_VERSION = "5.0";
            TARGET_NAME = "ASWaveformPlayerView";
            TVOS_DEPLOYMENT_TARGET = "9.0";
            WATCHOS_DEPLOYMENT_TARGET = "2.0";
         };
         name = "Release";
      };
      "OBJ_86" = {
         isa = "PBXSourcesBuildPhase";
         files = (
            "OBJ_87",
            "OBJ_88"
         );
      };
      "OBJ_87" = {
         isa = "PBXBuildFile";
         fileRef = "OBJ_31";
      };
      "OBJ_88" = {
         isa = "PBXBuildFile";
         fileRef = "OBJ_32";
      };
      "OBJ_89" = {
         isa = "PBXFrameworksBuildPhase";
         files = (
         );
      };
      "OBJ_9" = {
         isa = "PBXGroup";
         children = (
            "OBJ_10",
            "OBJ_11",
            "OBJ_12",
            "OBJ_13"
         );
         name = "APIClient";
         path = "APIClient";
         sourceTree = "<group>";
      };
      "OBJ_91" = {
         isa = "XCConfigurationList";
         buildConfigurations = (
            "OBJ_92",
            "OBJ_93"
         );
         defaultConfigurationIsVisible = "0";
         defaultConfigurationName = "Release";
      };
      "OBJ_92" = {
         isa = "XCBuildConfiguration";
         buildSettings = {
            LD = "/usr/bin/true";
            OTHER_SWIFT_FLAGS = (
               "-swift-version",
               "5",
               "-I",
               "$(TOOLCHAIN_DIR)/usr/lib/swift/pm/4_2",
               "-target",
               "x86_64-apple-macosx10.10",
               "-sdk",
               "/Applications/Xcode.app/Contents/Developer/Platforms/MacOSX.platform/Developer/SDKs/MacOSX10.15.sdk",
               "-package-description-version",
               "5.1"
            );
            SWIFT_VERSION = "5.0";
         };
         name = "Debug";
      };
      "OBJ_93" = {
         isa = "XCBuildConfiguration";
         buildSettings = {
            LD = "/usr/bin/true";
            OTHER_SWIFT_FLAGS = (
               "-swift-version",
               "5",
               "-I",
               "$(TOOLCHAIN_DIR)/usr/lib/swift/pm/4_2",
               "-target",
               "x86_64-apple-macosx10.10",
               "-sdk",
               "/Applications/Xcode.app/Contents/Developer/Platforms/MacOSX.platform/Developer/SDKs/MacOSX10.15.sdk",
               "-package-description-version",
               "5.1"
            );
            SWIFT_VERSION = "5.0";
         };
         name = "Release";
      };
      "OBJ_94" = {
         isa = "PBXSourcesBuildPhase";
         files = (
            "OBJ_95"
         );
      };
      "OBJ_95" = {
         isa = "PBXBuildFile";
         fileRef = "OBJ_33";
      };
      "OBJ_97" = {
         isa = "XCConfigurationList";
         buildConfigurations = (
            "OBJ_98",
            "OBJ_99"
         );
         defaultConfigurationIsVisible = "0";
         defaultConfigurationName = "Release";
      };
      "OBJ_98" = {
         isa = "XCBuildConfiguration";
         buildSettings = {
            ENABLE_TESTABILITY = "YES";
            FRAMEWORK_SEARCH_PATHS = (
               "$(inherited)",
               "$(PLATFORM_DIR)/Developer/Library/Frameworks"
            );
            HEADER_SEARCH_PATHS = (
               "$(inherited)"
            );
            INFOPLIST_FILE = "SoundCloudKit.xcodeproj/Alamofire_Info.plist";
            LD_RUNPATH_SEARCH_PATHS = (
               "$(inherited)",
               "$(TOOLCHAIN_DIR)/usr/lib/swift/macosx"
            );
            OTHER_CFLAGS = (
               "$(inherited)"
            );
            OTHER_LDFLAGS = (
               "$(inherited)"
            );
            OTHER_SWIFT_FLAGS = (
               "$(inherited)"
            );
            PRODUCT_BUNDLE_IDENTIFIER = "Alamofire";
            PRODUCT_MODULE_NAME = "$(TARGET_NAME:c99extidentifier)";
            PRODUCT_NAME = "$(TARGET_NAME:c99extidentifier)";
            SKIP_INSTALL = "YES";
            SWIFT_ACTIVE_COMPILATION_CONDITIONS = (
               "$(inherited)"
            );
            SWIFT_VERSION = "4.0";
            TARGET_NAME = "Alamofire";
         };
         name = "Debug";
      };
      "OBJ_99" = {
         isa = "XCBuildConfiguration";
         buildSettings = {
            ENABLE_TESTABILITY = "YES";
            FRAMEWORK_SEARCH_PATHS = (
               "$(inherited)",
               "$(PLATFORM_DIR)/Developer/Library/Frameworks"
            );
            HEADER_SEARCH_PATHS = (
               "$(inherited)"
            );
            INFOPLIST_FILE = "SoundCloudKit.xcodeproj/Alamofire_Info.plist";
            LD_RUNPATH_SEARCH_PATHS = (
               "$(inherited)",
               "$(TOOLCHAIN_DIR)/usr/lib/swift/macosx"
            );
            OTHER_CFLAGS = (
               "$(inherited)"
            );
            OTHER_LDFLAGS = (
               "$(inherited)"
            );
            OTHER_SWIFT_FLAGS = (
               "$(inherited)"
            );
            PRODUCT_BUNDLE_IDENTIFIER = "Alamofire";
            PRODUCT_MODULE_NAME = "$(TARGET_NAME:c99extidentifier)";
            PRODUCT_NAME = "$(TARGET_NAME:c99extidentifier)";
            SKIP_INSTALL = "YES";
            SWIFT_ACTIVE_COMPILATION_CONDITIONS = (
               "$(inherited)"
            );
            SWIFT_VERSION = "4.0";
            TARGET_NAME = "Alamofire";
         };
         name = "Release";
      };
      "PMKAlamofire::PMKAlamofire" = {
         isa = "PBXNativeTarget";
         buildConfigurationList = "OBJ_126";
         buildPhases = (
            "OBJ_129",
            "OBJ_131"
         );
         dependencies = (
            "OBJ_134",
            "OBJ_135"
         );
         name = "PMKAlamofire";
         productName = "PMKAlamofire";
         productReference = "PMKAlamofire::PMKAlamofire::Product";
         productType = "com.apple.product-type.framework";
      };
      "PMKAlamofire::PMKAlamofire::Product" = {
         isa = "PBXFileReference";
         path = "PMKAlamofire.framework";
         sourceTree = "BUILT_PRODUCTS_DIR";
      };
      "PMKAlamofire::SwiftPMPackageDescription" = {
         isa = "PBXNativeTarget";
         buildConfigurationList = "OBJ_138";
         buildPhases = (
            "OBJ_141"
         );
         dependencies = (
         );
         name = "PMKAlamofirePackageDescription";
         productName = "PMKAlamofirePackageDescription";
         productType = "com.apple.product-type.framework";
      };
      "PromiseKit::PromiseKit" = {
         isa = "PBXNativeTarget";
         buildConfigurationList = "OBJ_143";
         buildPhases = (
            "OBJ_146",
            "OBJ_162"
         );
         dependencies = (
         );
         name = "PromiseKit";
         productName = "PromiseKit";
         productReference = "PromiseKit::PromiseKit::Product";
         productType = "com.apple.product-type.framework";
      };
      "PromiseKit::PromiseKit::Product" = {
         isa = "PBXFileReference";
         path = "PromiseKit.framework";
         sourceTree = "BUILT_PRODUCTS_DIR";
      };
      "PromiseKit::SwiftPMPackageDescription" = {
         isa = "PBXNativeTarget";
         buildConfigurationList = "OBJ_164";
         buildPhases = (
            "OBJ_167"
         );
         dependencies = (
         );
         name = "PromiseKitPackageDescription";
         productName = "PromiseKitPackageDescription";
         productType = "com.apple.product-type.framework";
      };
      "SoundCloudKit::SoundCloudKit" = {
         isa = "PBXNativeTarget";
         buildConfigurationList = "OBJ_170";
         buildPhases = (
            "OBJ_173",
            "OBJ_188"
         );
         dependencies = (
            "OBJ_193",
            "OBJ_194",
            "OBJ_195",
            "OBJ_196"
         );
         name = "SoundCloudKit";
         productName = "SoundCloudKit";
         productReference = "SoundCloudKit::SoundCloudKit::Product";
         productType = "com.apple.product-type.framework";
      };
      "SoundCloudKit::SoundCloudKit::Product" = {
         isa = "PBXFileReference";
         path = "SoundCloudKit.framework";
         sourceTree = "BUILT_PRODUCTS_DIR";
      };
      "SoundCloudKit::SwiftPMPackageDescription" = {
         isa = "PBXNativeTarget";
         buildConfigurationList = "OBJ_198";
         buildPhases = (
            "OBJ_201"
         );
         dependencies = (
         );
         name = "SoundCloudKitPackageDescription";
         productName = "SoundCloudKitPackageDescription";
         productType = "com.apple.product-type.framework";
      };
   };
   rootObject = "OBJ_1";
}
